
Microsoft Visual Studio Solution File, Format Version 12.00
# Visual Studio Version 16
VisualStudioVersion = 16.0.30114.105
MinimumVisualStudioVersion = 10.0.40219.1
Project("{2150E333-8FDC-42A3-9474-1A3956D46DE8}") = "src", "src", "{A937B4F6-B384-4240-BB02-3924A0A55B7E}"
EndProject
Project("{2150E333-8FDC-42A3-9474-1A3956D46DE8}") = "Services", "Services", "{195AAEE8-9270-44CB-A59C-7932E3D5EF16}"
EndProject
Project("{2150E333-8FDC-42A3-9474-1A3956D46DE8}") = "Merchant", "Merchant", "{EE46BD5A-4B85-4789-84F4-2ED7569B2C77}"
EndProject
Project("{9A19103F-16F7-4668-BE54-9A1E7A4F7556}") = "Merchant.Api", "src\Services\Merchant\Merchant.Api\Merchant.Api.csproj", "{FAB41083-56F1-409F-BAC0-C34975364BDC}"
EndProject
Project("{2150E333-8FDC-42A3-9474-1A3956D46DE8}") = "Submodules", "Submodules", "{718AF0D8-2CBD-41BD-BE8B-39A34ECA717F}"
EndProject
Project("{9A19103F-16F7-4668-BE54-9A1E7A4F7556}") = "Joker.AspNetCore", "src\Submodules\Joker.Packages\Joker.AspNetCore\Joker.AspNetCore.csproj", "{47E595AF-5CF8-45EE-9ED8-112BDBA80D40}"
EndProject
Project("{9A19103F-16F7-4668-BE54-9A1E7A4F7556}") = "Joker.CAP", "src\Submodules\Joker.Packages\Joker.CAP\Joker.CAP.csproj", "{A1C4384D-E818-472C-9A9D-305F0A63CE08}"
EndProject
Project("{9A19103F-16F7-4668-BE54-9A1E7A4F7556}") = "Joker.DispatchProxy", "src\Submodules\Joker.Packages\Joker.DispatchProxy\Joker.DispatchProxy.csproj", "{6F4DEE18-FE7D-42DB-8583-A4F028659911}"
EndProject
Project("{9A19103F-16F7-4668-BE54-9A1E7A4F7556}") = "Joker.Domain", "src\Submodules\Joker.Packages\Joker.Domain\Joker.Domain.csproj", "{D12D87C2-B758-4B13-A354-1979DB7F3B2E}"
EndProject
Project("{9A19103F-16F7-4668-BE54-9A1E7A4F7556}") = "Joker.ElasticSearch", "src\Submodules\Joker.Packages\Joker.ElasticSearch\Joker.ElasticSearch.csproj", "{876D8E48-7581-4AFE-B6FD-6CB8A0DDDBEE}"
EndProject
Project("{9A19103F-16F7-4668-BE54-9A1E7A4F7556}") = "Joker.EntityFrameworkCore", "src\Submodules\Joker.Packages\Joker.EntityFrameworkCore\Joker.EntityFrameworkCore.csproj", "{5E801B08-D6C8-4C4D-9D4B-EB3A6D8698D9}"
EndProject
Project("{9A19103F-16F7-4668-BE54-9A1E7A4F7556}") = "Joker.EntityFrameworkCore.Domain", "src\Submodules\Joker.Packages\Joker.EntityFrameworkCore.Domain\Joker.EntityFrameworkCore.Domain.csproj", "{8D49D206-CE9D-44C8-B0C5-89C2A493DEE5}"
EndProject
Project("{9A19103F-16F7-4668-BE54-9A1E7A4F7556}") = "Joker.EntityFrameworkCore.Migration", "src\Submodules\Joker.Packages\Joker.EntityFrameworkCore.Migration\Joker.EntityFrameworkCore.Migration.csproj", "{03B8AA6E-BE7B-49F9-BE02-9F5D1616D628}"
EndProject
Project("{9A19103F-16F7-4668-BE54-9A1E7A4F7556}") = "Joker.EventBus", "src\Submodules\Joker.Packages\Joker.EventBus\Joker.EventBus.csproj", "{BA953369-4781-4C76-8316-15F6CAB2B5B8}"
EndProject
Project("{9A19103F-16F7-4668-BE54-9A1E7A4F7556}") = "Joker.Exceptions", "src\Submodules\Joker.Packages\Joker.Exceptions\Joker.Exceptions.csproj", "{451631F5-CBD0-4E7F-9361-A64DDC8B295E}"
EndProject
Project("{9A19103F-16F7-4668-BE54-9A1E7A4F7556}") = "Joker.Extensions", "src\Submodules\Joker.Packages\Joker.Extensions\Joker.Extensions.csproj", "{4174E505-92DE-4BB3-8FEA-0C82A3A77D38}"
EndProject
Project("{9A19103F-16F7-4668-BE54-9A1E7A4F7556}") = "Joker.Response", "src\Submodules\Joker.Packages\Joker.Response\Joker.Response.csproj", "{BD400FCC-85B5-47C0-91B4-942E91511A00}"
EndProject
Project("{9A19103F-16F7-4668-BE54-9A1E7A4F7556}") = "Joker.Repositories", "src\Submodules\Joker.Packages\Joker.Repositories\Joker.Repositories.csproj", "{91C4186A-88E4-4A8B-AC49-2A29F0C7B9B0}"
EndProject
Project("{9A19103F-16F7-4668-BE54-9A1E7A4F7556}") = "Joker.Mvc", "src\Submodules\Joker.Packages\Joker.Mvc\Joker.Mvc.csproj", "{C1B403F0-A0F0-44F5-9E81-B28C03E25B00}"
EndProject
Project("{9A19103F-16F7-4668-BE54-9A1E7A4F7556}") = "Merchant.Application", "src\Services\Merchant\Merchant.Application\Merchant.Application.csproj", "{45E5FE93-9CAB-4876-B474-E52221D7D8F4}"
EndProject
Project("{9A19103F-16F7-4668-BE54-9A1E7A4F7556}") = "Merchant.Domain", "src\Services\Merchant\Merchant.Domain\Merchant.Domain.csproj", "{C3AFE6DA-F506-4D79-BE25-21E2A028B4EC}"
EndProject
Project("{9A19103F-16F7-4668-BE54-9A1E7A4F7556}") = "Merchant.Infrastructure", "src\Services\Merchant\Merchant.Infrastructure\Merchant.Infrastructure.csproj", "{F8A1EB9A-EA63-4052-86C4-8BDAFFE2F06D}"
EndProject
Project("{9A19103F-16F7-4668-BE54-9A1E7A4F7556}") = "Joker.Mongo", "src\Submodules\Joker.Packages\Joker.Mongo\Joker.Mongo.csproj", "{7B2CBE20-C143-462A-9BE8-8D2437F8E287}"
EndProject
Project("{9A19103F-16F7-4668-BE54-9A1E7A4F7556}") = "Joker.Mongo.Domain", "src\Submodules\Joker.Packages\Joker.Mongo.Domain\Joker.Mongo.Domain.csproj", "{6CBF9B67-2514-46F6-AD51-E059BB18EC51}"
EndProject
Project("{2150E333-8FDC-42A3-9474-1A3956D46DE8}") = "Location", "Location", "{C9E42412-8DDA-43E9-A478-02E9BA22EC09}"
EndProject
Project("{9A19103F-16F7-4668-BE54-9A1E7A4F7556}") = "Location.Api", "src\Services\Location\Location.Api\Location.Api.csproj", "{45148E93-6965-4429-979C-FADD84EBBB2D}"
EndProject
Project("{9A19103F-16F7-4668-BE54-9A1E7A4F7556}") = "Location.Application", "src\Services\Location\Location.Application\Location.Application.csproj", "{065E87D5-7630-468D-9782-CA6A91E9C379}"
EndProject
Project("{9A19103F-16F7-4668-BE54-9A1E7A4F7556}") = "Location.Core", "src\Services\Location\Location.Core\Location.Core.csproj", "{324F6CBF-4E50-4FAE-8DEC-08F410168230}"
EndProject
Project("{9A19103F-16F7-4668-BE54-9A1E7A4F7556}") = "Location.Infrastructure", "src\Services\Location\Location.Infrastructure\Location.Infrastructure.csproj", "{48A01900-D75A-4A1F-95B4-7FEFA1C1E569}"
EndProject
Project("{2150E333-8FDC-42A3-9474-1A3956D46DE8}") = "Management", "Management", "{D2D65733-4EFF-4EC8-BE6B-5B23D7A24DA0}"
EndProject
Project("{9A19103F-16F7-4668-BE54-9A1E7A4F7556}") = "Management.Api", "src\Services\Management\Management.Api\Management.Api.csproj", "{21CA1F10-66A6-4FC6-8CEC-E8C8737A7111}"
EndProject
Project("{9A19103F-16F7-4668-BE54-9A1E7A4F7556}") = "Management.Application", "src\Services\Management\Management.Application\Management.Application.csproj", "{26D0F906-098C-443B-B05F-C6386EA1EC09}"
EndProject
Project("{9A19103F-16F7-4668-BE54-9A1E7A4F7556}") = "Management.Core", "src\Services\Management\Management.Core\Management.Core.csproj", "{911B6FBD-09F6-4D7A-96AA-6A2335074E44}"
EndProject
Project("{9A19103F-16F7-4668-BE54-9A1E7A4F7556}") = "Management.Infrastructure", "src\Services\Management\Management.Infrastructure\Management.Infrastructure.csproj", "{200D7863-D35D-4A13-A9F5-9799A22F19D9}"
EndProject
Project("{2150E333-8FDC-42A3-9474-1A3956D46DE8}") = "Campaign", "Campaign", "{7F653227-0AEB-45DF-A67B-8F222FA5323B}"
EndProject
Project("{9A19103F-16F7-4668-BE54-9A1E7A4F7556}") = "Campaign.Api", "src\Services\Campaign\Campaign.Api\Campaign.Api.csproj", "{9F087A86-9FD1-4296-8634-FB4B61C88EB3}"
EndProject
Project("{9A19103F-16F7-4668-BE54-9A1E7A4F7556}") = "Campaign.Application", "src\Services\Campaign\Campaign.Application\Campaign.Application.csproj", "{548616B1-D2CD-4ED4-B25B-01F338203726}"
EndProject
Project("{9A19103F-16F7-4668-BE54-9A1E7A4F7556}") = "Campaign.Domain", "src\Services\Campaign\Campaign.Domain\Campaign.Domain.csproj", "{CBEE770F-7DD7-40A9-8C9B-9C458BCC35AA}"
EndProject
Project("{9A19103F-16F7-4668-BE54-9A1E7A4F7556}") = "Campaign.Infrastructure", "src\Services\Campaign\Campaign.Infrastructure\Campaign.Infrastructure.csproj", "{A3F757CD-F576-43F2-B166-5ED2005AC714}"
EndProject
Project("{2150E333-8FDC-42A3-9474-1A3956D46DE8}") = "Search", "Search", "{DC6558E2-048E-458A-9AD4-197B80D427CE}"
EndProject
Project("{9A19103F-16F7-4668-BE54-9A1E7A4F7556}") = "Search.Api", "src\Services\Search\Search.Api\Search.Api.csproj", "{22D7128B-693C-4B86-921A-8A6BF3E19278}"
EndProject
Project("{9A19103F-16F7-4668-BE54-9A1E7A4F7556}") = "Search.Core", "src\Services\Search\Search.Core\Search.Core.csproj", "{9AE8B72B-4CAD-4C5B-8B31-A6883C4A1C8D}"
EndProject
Project("{9A19103F-16F7-4668-BE54-9A1E7A4F7556}") = "Search.Application", "src\Services\Search\Search.Application\Search.Application.csproj", "{E1AD2068-89F9-4A52-B51B-288E5414350E}"
EndProject
Project("{E53339B2-1760-4266-BCC7-CA923CBCF16C}") = "docker-compose", "docker-compose.dcproj", "{EAA3E93D-C5A1-4D92-A76C-C12C5409F79E}"
EndProject
Project("{9A19103F-16F7-4668-BE54-9A1E7A4F7556}") = "Joker.Consul", "src\Submodules\Joker.Packages\Joker.Consul\Joker.Consul.csproj", "{DB7C056A-3CFF-4DB5-B6B6-EC64F34E5F50}"
EndProject
Project("{2150E333-8FDC-42A3-9474-1A3956D46DE8}") = "Aggregators", "Aggregators", "{4EEBC936-E5CE-46A5-A515-C3A7407F297B}"
EndProject
Project("{FAE04EC0-301F-11D3-BF4B-00C04F79EFBC}") = "Aggregator.Api", "src\Aggregators\Aggregator.Api\Aggregator.Api.csproj", "{DBBF5820-0FE3-46F6-AA92-BB7BA0030E2F}"
EndProject
Project("{2150E333-8FDC-42A3-9474-1A3956D46DE8}") = "Gateways", "Gateways", "{B11C1B55-830E-4492-8712-5D19F0E5E497}"
EndProject
Project("{FAE04EC0-301F-11D3-BF4B-00C04F79EFBC}") = "Gateway.Web.Api", "src\Gateways\Gateway.Web.Api\Gateway.Web.Api.csproj", "{5469B3E6-CB8A-4121-B300-91FAF4B68C29}"
EndProject
Project("{2150E333-8FDC-42A3-9474-1A3956D46DE8}") = "Identity", "Identity", "{11FDCDEE-6840-4BBF-B3DB-1480353AE1CE}"
EndProject
Project("{2150E333-8FDC-42A3-9474-1A3956D46DE8}") = "WebApplications", "WebApplications", "{4C8DBB14-391D-40C6-9231-CB2110B063F2}"
EndProject
Project("{FAE04EC0-301F-11D3-BF4B-00C04F79EFBC}") = "Joker.WebApp", "src\WebApplications\Joker.WebApp\Joker.WebApp.csproj", "{0E4A8DFA-0F5B-4A89-A7BF-118F4924CFFF}"
EndProject
Project("{FAE04EC0-301F-11D3-BF4B-00C04F79EFBC}") = "Joker.Identity", "src\Services\Identity\Joker.Identity\Joker.Identity.csproj", "{C2235119-1455-4EB3-BA5C-B1CDE4CDAAD3}"
EndProject
Project("{2150E333-8FDC-42A3-9474-1A3956D46DE8}") = "Subscription", "Subscription", "{5F50DE05-4D69-419A-A845-BF27B1BB17F3}"
EndProject
Project("{FAE04EC0-301F-11D3-BF4B-00C04F79EFBC}") = "Subscription.Api", "src\Services\Subscription\Subscription.Api\Subscription.Api.csproj", "{76D825BA-84C5-4961-8393-2B52EBC0C4D5}"
EndProject
Project("{FAE04EC0-301F-11D3-BF4B-00C04F79EFBC}") = "Subscription.Application", "src\Services\Subscription\Subscription.Application\Subscription.Application.csproj", "{6686B86D-627A-4B71-9DCF-FE40A59656BB}"
EndProject
Project("{FAE04EC0-301F-11D3-BF4B-00C04F79EFBC}") = "Subscription.Insfrasturcture", "src\Services\Subscription\Subscription.Insfrasturcture\Subscription.Insfrasturcture.csproj", "{D2967090-168B-4B93-9C16-1E56B725F4D1}"
EndProject
Project("{FAE04EC0-301F-11D3-BF4B-00C04F79EFBC}") = "Subscription.Domain", "src\Services\Subscription\Subscription.Domain\Subscription.Domain.csproj", "{F573F627-050E-472E-89CA-DFFBA17644B3}"
EndProject
Project("{2150E333-8FDC-42A3-9474-1A3956D46DE8}") = "Favorite", "Favorite", "{8D13ADC2-9467-48B1-967F-A5D0A1CF6E7B}"
EndProject
Project("{FAE04EC0-301F-11D3-BF4B-00C04F79EFBC}") = "Favorite.Core", "src\Services\Favorite\Favorite.Core\Favorite.Core.csproj", "{263C7A99-60CB-417A-97DC-3A0AD12FA485}"
EndProject
Project("{FAE04EC0-301F-11D3-BF4B-00C04F79EFBC}") = "Favorite.Application", "src\Services\Favorite\Favorite.Application\Favorite.Application.csproj", "{2D4F15A8-BC73-432D-83D7-B043145838B6}"
EndProject
Project("{FAE04EC0-301F-11D3-BF4B-00C04F79EFBC}") = "Favorite.Api", "src\Services\Favorite\Favorite.Api\Favorite.Api.csproj", "{80EC54B6-86F9-4F15-8FCC-29179123F1EE}"
EndProject
Project("{FAE04EC0-301F-11D3-BF4B-00C04F79EFBC}") = "Favorite.Infrastructure", "src\Services\Favorite\Favorite.Infrastructure\Favorite.Infrastructure.csproj", "{41DCE5A5-7083-4BBF-9DDA-7BB73A89621A}"
EndProject
Global
	GlobalSection(SolutionConfigurationPlatforms) = preSolution
		Debug|Any CPU = Debug|Any CPU
		Debug|x64 = Debug|x64
		Debug|x86 = Debug|x86
		Release|Any CPU = Release|Any CPU
		Release|x64 = Release|x64
		Release|x86 = Release|x86
	EndGlobalSection
	GlobalSection(ProjectConfigurationPlatforms) = postSolution
		{FAB41083-56F1-409F-BAC0-C34975364BDC}.Debug|Any CPU.ActiveCfg = Debug|Any CPU
		{FAB41083-56F1-409F-BAC0-C34975364BDC}.Debug|Any CPU.Build.0 = Debug|Any CPU
		{FAB41083-56F1-409F-BAC0-C34975364BDC}.Debug|x64.ActiveCfg = Debug|Any CPU
		{FAB41083-56F1-409F-BAC0-C34975364BDC}.Debug|x64.Build.0 = Debug|Any CPU
		{FAB41083-56F1-409F-BAC0-C34975364BDC}.Debug|x86.ActiveCfg = Debug|Any CPU
		{FAB41083-56F1-409F-BAC0-C34975364BDC}.Debug|x86.Build.0 = Debug|Any CPU
		{FAB41083-56F1-409F-BAC0-C34975364BDC}.Release|Any CPU.ActiveCfg = Release|Any CPU
		{FAB41083-56F1-409F-BAC0-C34975364BDC}.Release|Any CPU.Build.0 = Release|Any CPU
		{FAB41083-56F1-409F-BAC0-C34975364BDC}.Release|x64.ActiveCfg = Release|Any CPU
		{FAB41083-56F1-409F-BAC0-C34975364BDC}.Release|x64.Build.0 = Release|Any CPU
		{FAB41083-56F1-409F-BAC0-C34975364BDC}.Release|x86.ActiveCfg = Release|Any CPU
		{FAB41083-56F1-409F-BAC0-C34975364BDC}.Release|x86.Build.0 = Release|Any CPU
		{47E595AF-5CF8-45EE-9ED8-112BDBA80D40}.Debug|Any CPU.ActiveCfg = Debug|Any CPU
		{47E595AF-5CF8-45EE-9ED8-112BDBA80D40}.Debug|Any CPU.Build.0 = Debug|Any CPU
		{47E595AF-5CF8-45EE-9ED8-112BDBA80D40}.Debug|x64.ActiveCfg = Debug|Any CPU
		{47E595AF-5CF8-45EE-9ED8-112BDBA80D40}.Debug|x64.Build.0 = Debug|Any CPU
		{47E595AF-5CF8-45EE-9ED8-112BDBA80D40}.Debug|x86.ActiveCfg = Debug|Any CPU
		{47E595AF-5CF8-45EE-9ED8-112BDBA80D40}.Debug|x86.Build.0 = Debug|Any CPU
		{47E595AF-5CF8-45EE-9ED8-112BDBA80D40}.Release|Any CPU.ActiveCfg = Release|Any CPU
		{47E595AF-5CF8-45EE-9ED8-112BDBA80D40}.Release|Any CPU.Build.0 = Release|Any CPU
		{47E595AF-5CF8-45EE-9ED8-112BDBA80D40}.Release|x64.ActiveCfg = Release|Any CPU
		{47E595AF-5CF8-45EE-9ED8-112BDBA80D40}.Release|x64.Build.0 = Release|Any CPU
		{47E595AF-5CF8-45EE-9ED8-112BDBA80D40}.Release|x86.ActiveCfg = Release|Any CPU
		{47E595AF-5CF8-45EE-9ED8-112BDBA80D40}.Release|x86.Build.0 = Release|Any CPU
		{A1C4384D-E818-472C-9A9D-305F0A63CE08}.Debug|Any CPU.ActiveCfg = Debug|Any CPU
		{A1C4384D-E818-472C-9A9D-305F0A63CE08}.Debug|Any CPU.Build.0 = Debug|Any CPU
		{A1C4384D-E818-472C-9A9D-305F0A63CE08}.Debug|x64.ActiveCfg = Debug|Any CPU
		{A1C4384D-E818-472C-9A9D-305F0A63CE08}.Debug|x64.Build.0 = Debug|Any CPU
		{A1C4384D-E818-472C-9A9D-305F0A63CE08}.Debug|x86.ActiveCfg = Debug|Any CPU
		{A1C4384D-E818-472C-9A9D-305F0A63CE08}.Debug|x86.Build.0 = Debug|Any CPU
		{A1C4384D-E818-472C-9A9D-305F0A63CE08}.Release|Any CPU.ActiveCfg = Release|Any CPU
		{A1C4384D-E818-472C-9A9D-305F0A63CE08}.Release|Any CPU.Build.0 = Release|Any CPU
		{A1C4384D-E818-472C-9A9D-305F0A63CE08}.Release|x64.ActiveCfg = Release|Any CPU
		{A1C4384D-E818-472C-9A9D-305F0A63CE08}.Release|x64.Build.0 = Release|Any CPU
		{A1C4384D-E818-472C-9A9D-305F0A63CE08}.Release|x86.ActiveCfg = Release|Any CPU
		{A1C4384D-E818-472C-9A9D-305F0A63CE08}.Release|x86.Build.0 = Release|Any CPU
		{6F4DEE18-FE7D-42DB-8583-A4F028659911}.Debug|Any CPU.ActiveCfg = Debug|Any CPU
		{6F4DEE18-FE7D-42DB-8583-A4F028659911}.Debug|Any CPU.Build.0 = Debug|Any CPU
		{6F4DEE18-FE7D-42DB-8583-A4F028659911}.Debug|x64.ActiveCfg = Debug|Any CPU
		{6F4DEE18-FE7D-42DB-8583-A4F028659911}.Debug|x64.Build.0 = Debug|Any CPU
		{6F4DEE18-FE7D-42DB-8583-A4F028659911}.Debug|x86.ActiveCfg = Debug|Any CPU
		{6F4DEE18-FE7D-42DB-8583-A4F028659911}.Debug|x86.Build.0 = Debug|Any CPU
		{6F4DEE18-FE7D-42DB-8583-A4F028659911}.Release|Any CPU.ActiveCfg = Release|Any CPU
		{6F4DEE18-FE7D-42DB-8583-A4F028659911}.Release|Any CPU.Build.0 = Release|Any CPU
		{6F4DEE18-FE7D-42DB-8583-A4F028659911}.Release|x64.ActiveCfg = Release|Any CPU
		{6F4DEE18-FE7D-42DB-8583-A4F028659911}.Release|x64.Build.0 = Release|Any CPU
		{6F4DEE18-FE7D-42DB-8583-A4F028659911}.Release|x86.ActiveCfg = Release|Any CPU
		{6F4DEE18-FE7D-42DB-8583-A4F028659911}.Release|x86.Build.0 = Release|Any CPU
		{D12D87C2-B758-4B13-A354-1979DB7F3B2E}.Debug|Any CPU.ActiveCfg = Debug|Any CPU
		{D12D87C2-B758-4B13-A354-1979DB7F3B2E}.Debug|Any CPU.Build.0 = Debug|Any CPU
		{D12D87C2-B758-4B13-A354-1979DB7F3B2E}.Debug|x64.ActiveCfg = Debug|Any CPU
		{D12D87C2-B758-4B13-A354-1979DB7F3B2E}.Debug|x64.Build.0 = Debug|Any CPU
		{D12D87C2-B758-4B13-A354-1979DB7F3B2E}.Debug|x86.ActiveCfg = Debug|Any CPU
		{D12D87C2-B758-4B13-A354-1979DB7F3B2E}.Debug|x86.Build.0 = Debug|Any CPU
		{D12D87C2-B758-4B13-A354-1979DB7F3B2E}.Release|Any CPU.ActiveCfg = Release|Any CPU
		{D12D87C2-B758-4B13-A354-1979DB7F3B2E}.Release|Any CPU.Build.0 = Release|Any CPU
		{D12D87C2-B758-4B13-A354-1979DB7F3B2E}.Release|x64.ActiveCfg = Release|Any CPU
		{D12D87C2-B758-4B13-A354-1979DB7F3B2E}.Release|x64.Build.0 = Release|Any CPU
		{D12D87C2-B758-4B13-A354-1979DB7F3B2E}.Release|x86.ActiveCfg = Release|Any CPU
		{D12D87C2-B758-4B13-A354-1979DB7F3B2E}.Release|x86.Build.0 = Release|Any CPU
		{876D8E48-7581-4AFE-B6FD-6CB8A0DDDBEE}.Debug|Any CPU.ActiveCfg = Debug|Any CPU
		{876D8E48-7581-4AFE-B6FD-6CB8A0DDDBEE}.Debug|Any CPU.Build.0 = Debug|Any CPU
		{876D8E48-7581-4AFE-B6FD-6CB8A0DDDBEE}.Debug|x64.ActiveCfg = Debug|Any CPU
		{876D8E48-7581-4AFE-B6FD-6CB8A0DDDBEE}.Debug|x64.Build.0 = Debug|Any CPU
		{876D8E48-7581-4AFE-B6FD-6CB8A0DDDBEE}.Debug|x86.ActiveCfg = Debug|Any CPU
		{876D8E48-7581-4AFE-B6FD-6CB8A0DDDBEE}.Debug|x86.Build.0 = Debug|Any CPU
		{876D8E48-7581-4AFE-B6FD-6CB8A0DDDBEE}.Release|Any CPU.ActiveCfg = Release|Any CPU
		{876D8E48-7581-4AFE-B6FD-6CB8A0DDDBEE}.Release|Any CPU.Build.0 = Release|Any CPU
		{876D8E48-7581-4AFE-B6FD-6CB8A0DDDBEE}.Release|x64.ActiveCfg = Release|Any CPU
		{876D8E48-7581-4AFE-B6FD-6CB8A0DDDBEE}.Release|x64.Build.0 = Release|Any CPU
		{876D8E48-7581-4AFE-B6FD-6CB8A0DDDBEE}.Release|x86.ActiveCfg = Release|Any CPU
		{876D8E48-7581-4AFE-B6FD-6CB8A0DDDBEE}.Release|x86.Build.0 = Release|Any CPU
		{5E801B08-D6C8-4C4D-9D4B-EB3A6D8698D9}.Debug|Any CPU.ActiveCfg = Debug|Any CPU
		{5E801B08-D6C8-4C4D-9D4B-EB3A6D8698D9}.Debug|Any CPU.Build.0 = Debug|Any CPU
		{5E801B08-D6C8-4C4D-9D4B-EB3A6D8698D9}.Debug|x64.ActiveCfg = Debug|Any CPU
		{5E801B08-D6C8-4C4D-9D4B-EB3A6D8698D9}.Debug|x64.Build.0 = Debug|Any CPU
		{5E801B08-D6C8-4C4D-9D4B-EB3A6D8698D9}.Debug|x86.ActiveCfg = Debug|Any CPU
		{5E801B08-D6C8-4C4D-9D4B-EB3A6D8698D9}.Debug|x86.Build.0 = Debug|Any CPU
		{5E801B08-D6C8-4C4D-9D4B-EB3A6D8698D9}.Release|Any CPU.ActiveCfg = Release|Any CPU
		{5E801B08-D6C8-4C4D-9D4B-EB3A6D8698D9}.Release|Any CPU.Build.0 = Release|Any CPU
		{5E801B08-D6C8-4C4D-9D4B-EB3A6D8698D9}.Release|x64.ActiveCfg = Release|Any CPU
		{5E801B08-D6C8-4C4D-9D4B-EB3A6D8698D9}.Release|x64.Build.0 = Release|Any CPU
		{5E801B08-D6C8-4C4D-9D4B-EB3A6D8698D9}.Release|x86.ActiveCfg = Release|Any CPU
		{5E801B08-D6C8-4C4D-9D4B-EB3A6D8698D9}.Release|x86.Build.0 = Release|Any CPU
		{8D49D206-CE9D-44C8-B0C5-89C2A493DEE5}.Debug|Any CPU.ActiveCfg = Debug|Any CPU
		{8D49D206-CE9D-44C8-B0C5-89C2A493DEE5}.Debug|Any CPU.Build.0 = Debug|Any CPU
		{8D49D206-CE9D-44C8-B0C5-89C2A493DEE5}.Debug|x64.ActiveCfg = Debug|Any CPU
		{8D49D206-CE9D-44C8-B0C5-89C2A493DEE5}.Debug|x64.Build.0 = Debug|Any CPU
		{8D49D206-CE9D-44C8-B0C5-89C2A493DEE5}.Debug|x86.ActiveCfg = Debug|Any CPU
		{8D49D206-CE9D-44C8-B0C5-89C2A493DEE5}.Debug|x86.Build.0 = Debug|Any CPU
		{8D49D206-CE9D-44C8-B0C5-89C2A493DEE5}.Release|Any CPU.ActiveCfg = Release|Any CPU
		{8D49D206-CE9D-44C8-B0C5-89C2A493DEE5}.Release|Any CPU.Build.0 = Release|Any CPU
		{8D49D206-CE9D-44C8-B0C5-89C2A493DEE5}.Release|x64.ActiveCfg = Release|Any CPU
		{8D49D206-CE9D-44C8-B0C5-89C2A493DEE5}.Release|x64.Build.0 = Release|Any CPU
		{8D49D206-CE9D-44C8-B0C5-89C2A493DEE5}.Release|x86.ActiveCfg = Release|Any CPU
		{8D49D206-CE9D-44C8-B0C5-89C2A493DEE5}.Release|x86.Build.0 = Release|Any CPU
		{03B8AA6E-BE7B-49F9-BE02-9F5D1616D628}.Debug|Any CPU.ActiveCfg = Debug|Any CPU
		{03B8AA6E-BE7B-49F9-BE02-9F5D1616D628}.Debug|Any CPU.Build.0 = Debug|Any CPU
		{03B8AA6E-BE7B-49F9-BE02-9F5D1616D628}.Debug|x64.ActiveCfg = Debug|Any CPU
		{03B8AA6E-BE7B-49F9-BE02-9F5D1616D628}.Debug|x64.Build.0 = Debug|Any CPU
		{03B8AA6E-BE7B-49F9-BE02-9F5D1616D628}.Debug|x86.ActiveCfg = Debug|Any CPU
		{03B8AA6E-BE7B-49F9-BE02-9F5D1616D628}.Debug|x86.Build.0 = Debug|Any CPU
		{03B8AA6E-BE7B-49F9-BE02-9F5D1616D628}.Release|Any CPU.ActiveCfg = Release|Any CPU
		{03B8AA6E-BE7B-49F9-BE02-9F5D1616D628}.Release|Any CPU.Build.0 = Release|Any CPU
		{03B8AA6E-BE7B-49F9-BE02-9F5D1616D628}.Release|x64.ActiveCfg = Release|Any CPU
		{03B8AA6E-BE7B-49F9-BE02-9F5D1616D628}.Release|x64.Build.0 = Release|Any CPU
		{03B8AA6E-BE7B-49F9-BE02-9F5D1616D628}.Release|x86.ActiveCfg = Release|Any CPU
		{03B8AA6E-BE7B-49F9-BE02-9F5D1616D628}.Release|x86.Build.0 = Release|Any CPU
		{BA953369-4781-4C76-8316-15F6CAB2B5B8}.Debug|Any CPU.ActiveCfg = Debug|Any CPU
		{BA953369-4781-4C76-8316-15F6CAB2B5B8}.Debug|Any CPU.Build.0 = Debug|Any CPU
		{BA953369-4781-4C76-8316-15F6CAB2B5B8}.Debug|x64.ActiveCfg = Debug|Any CPU
		{BA953369-4781-4C76-8316-15F6CAB2B5B8}.Debug|x64.Build.0 = Debug|Any CPU
		{BA953369-4781-4C76-8316-15F6CAB2B5B8}.Debug|x86.ActiveCfg = Debug|Any CPU
		{BA953369-4781-4C76-8316-15F6CAB2B5B8}.Debug|x86.Build.0 = Debug|Any CPU
		{BA953369-4781-4C76-8316-15F6CAB2B5B8}.Release|Any CPU.ActiveCfg = Release|Any CPU
		{BA953369-4781-4C76-8316-15F6CAB2B5B8}.Release|Any CPU.Build.0 = Release|Any CPU
		{BA953369-4781-4C76-8316-15F6CAB2B5B8}.Release|x64.ActiveCfg = Release|Any CPU
		{BA953369-4781-4C76-8316-15F6CAB2B5B8}.Release|x64.Build.0 = Release|Any CPU
		{BA953369-4781-4C76-8316-15F6CAB2B5B8}.Release|x86.ActiveCfg = Release|Any CPU
		{BA953369-4781-4C76-8316-15F6CAB2B5B8}.Release|x86.Build.0 = Release|Any CPU
		{451631F5-CBD0-4E7F-9361-A64DDC8B295E}.Debug|Any CPU.ActiveCfg = Debug|Any CPU
		{451631F5-CBD0-4E7F-9361-A64DDC8B295E}.Debug|Any CPU.Build.0 = Debug|Any CPU
		{451631F5-CBD0-4E7F-9361-A64DDC8B295E}.Debug|x64.ActiveCfg = Debug|Any CPU
		{451631F5-CBD0-4E7F-9361-A64DDC8B295E}.Debug|x64.Build.0 = Debug|Any CPU
		{451631F5-CBD0-4E7F-9361-A64DDC8B295E}.Debug|x86.ActiveCfg = Debug|Any CPU
		{451631F5-CBD0-4E7F-9361-A64DDC8B295E}.Debug|x86.Build.0 = Debug|Any CPU
		{451631F5-CBD0-4E7F-9361-A64DDC8B295E}.Release|Any CPU.ActiveCfg = Release|Any CPU
		{451631F5-CBD0-4E7F-9361-A64DDC8B295E}.Release|Any CPU.Build.0 = Release|Any CPU
		{451631F5-CBD0-4E7F-9361-A64DDC8B295E}.Release|x64.ActiveCfg = Release|Any CPU
		{451631F5-CBD0-4E7F-9361-A64DDC8B295E}.Release|x64.Build.0 = Release|Any CPU
		{451631F5-CBD0-4E7F-9361-A64DDC8B295E}.Release|x86.ActiveCfg = Release|Any CPU
		{451631F5-CBD0-4E7F-9361-A64DDC8B295E}.Release|x86.Build.0 = Release|Any CPU
		{4174E505-92DE-4BB3-8FEA-0C82A3A77D38}.Debug|Any CPU.ActiveCfg = Debug|Any CPU
		{4174E505-92DE-4BB3-8FEA-0C82A3A77D38}.Debug|Any CPU.Build.0 = Debug|Any CPU
		{4174E505-92DE-4BB3-8FEA-0C82A3A77D38}.Debug|x64.ActiveCfg = Debug|Any CPU
		{4174E505-92DE-4BB3-8FEA-0C82A3A77D38}.Debug|x64.Build.0 = Debug|Any CPU
		{4174E505-92DE-4BB3-8FEA-0C82A3A77D38}.Debug|x86.ActiveCfg = Debug|Any CPU
		{4174E505-92DE-4BB3-8FEA-0C82A3A77D38}.Debug|x86.Build.0 = Debug|Any CPU
		{4174E505-92DE-4BB3-8FEA-0C82A3A77D38}.Release|Any CPU.ActiveCfg = Release|Any CPU
		{4174E505-92DE-4BB3-8FEA-0C82A3A77D38}.Release|Any CPU.Build.0 = Release|Any CPU
		{4174E505-92DE-4BB3-8FEA-0C82A3A77D38}.Release|x64.ActiveCfg = Release|Any CPU
		{4174E505-92DE-4BB3-8FEA-0C82A3A77D38}.Release|x64.Build.0 = Release|Any CPU
		{4174E505-92DE-4BB3-8FEA-0C82A3A77D38}.Release|x86.ActiveCfg = Release|Any CPU
		{4174E505-92DE-4BB3-8FEA-0C82A3A77D38}.Release|x86.Build.0 = Release|Any CPU
		{BD400FCC-85B5-47C0-91B4-942E91511A00}.Debug|Any CPU.ActiveCfg = Debug|Any CPU
		{BD400FCC-85B5-47C0-91B4-942E91511A00}.Debug|Any CPU.Build.0 = Debug|Any CPU
		{BD400FCC-85B5-47C0-91B4-942E91511A00}.Debug|x64.ActiveCfg = Debug|Any CPU
		{BD400FCC-85B5-47C0-91B4-942E91511A00}.Debug|x64.Build.0 = Debug|Any CPU
		{BD400FCC-85B5-47C0-91B4-942E91511A00}.Debug|x86.ActiveCfg = Debug|Any CPU
		{BD400FCC-85B5-47C0-91B4-942E91511A00}.Debug|x86.Build.0 = Debug|Any CPU
		{BD400FCC-85B5-47C0-91B4-942E91511A00}.Release|Any CPU.ActiveCfg = Release|Any CPU
		{BD400FCC-85B5-47C0-91B4-942E91511A00}.Release|Any CPU.Build.0 = Release|Any CPU
		{BD400FCC-85B5-47C0-91B4-942E91511A00}.Release|x64.ActiveCfg = Release|Any CPU
		{BD400FCC-85B5-47C0-91B4-942E91511A00}.Release|x64.Build.0 = Release|Any CPU
		{BD400FCC-85B5-47C0-91B4-942E91511A00}.Release|x86.ActiveCfg = Release|Any CPU
		{BD400FCC-85B5-47C0-91B4-942E91511A00}.Release|x86.Build.0 = Release|Any CPU
		{91C4186A-88E4-4A8B-AC49-2A29F0C7B9B0}.Debug|Any CPU.ActiveCfg = Debug|Any CPU
		{91C4186A-88E4-4A8B-AC49-2A29F0C7B9B0}.Debug|Any CPU.Build.0 = Debug|Any CPU
		{91C4186A-88E4-4A8B-AC49-2A29F0C7B9B0}.Debug|x64.ActiveCfg = Debug|Any CPU
		{91C4186A-88E4-4A8B-AC49-2A29F0C7B9B0}.Debug|x64.Build.0 = Debug|Any CPU
		{91C4186A-88E4-4A8B-AC49-2A29F0C7B9B0}.Debug|x86.ActiveCfg = Debug|Any CPU
		{91C4186A-88E4-4A8B-AC49-2A29F0C7B9B0}.Debug|x86.Build.0 = Debug|Any CPU
		{91C4186A-88E4-4A8B-AC49-2A29F0C7B9B0}.Release|Any CPU.ActiveCfg = Release|Any CPU
		{91C4186A-88E4-4A8B-AC49-2A29F0C7B9B0}.Release|Any CPU.Build.0 = Release|Any CPU
		{91C4186A-88E4-4A8B-AC49-2A29F0C7B9B0}.Release|x64.ActiveCfg = Release|Any CPU
		{91C4186A-88E4-4A8B-AC49-2A29F0C7B9B0}.Release|x64.Build.0 = Release|Any CPU
		{91C4186A-88E4-4A8B-AC49-2A29F0C7B9B0}.Release|x86.ActiveCfg = Release|Any CPU
		{91C4186A-88E4-4A8B-AC49-2A29F0C7B9B0}.Release|x86.Build.0 = Release|Any CPU
		{C1B403F0-A0F0-44F5-9E81-B28C03E25B00}.Debug|Any CPU.ActiveCfg = Debug|Any CPU
		{C1B403F0-A0F0-44F5-9E81-B28C03E25B00}.Debug|Any CPU.Build.0 = Debug|Any CPU
		{C1B403F0-A0F0-44F5-9E81-B28C03E25B00}.Debug|x64.ActiveCfg = Debug|Any CPU
		{C1B403F0-A0F0-44F5-9E81-B28C03E25B00}.Debug|x64.Build.0 = Debug|Any CPU
		{C1B403F0-A0F0-44F5-9E81-B28C03E25B00}.Debug|x86.ActiveCfg = Debug|Any CPU
		{C1B403F0-A0F0-44F5-9E81-B28C03E25B00}.Debug|x86.Build.0 = Debug|Any CPU
		{C1B403F0-A0F0-44F5-9E81-B28C03E25B00}.Release|Any CPU.ActiveCfg = Release|Any CPU
		{C1B403F0-A0F0-44F5-9E81-B28C03E25B00}.Release|Any CPU.Build.0 = Release|Any CPU
		{C1B403F0-A0F0-44F5-9E81-B28C03E25B00}.Release|x64.ActiveCfg = Release|Any CPU
		{C1B403F0-A0F0-44F5-9E81-B28C03E25B00}.Release|x64.Build.0 = Release|Any CPU
		{C1B403F0-A0F0-44F5-9E81-B28C03E25B00}.Release|x86.ActiveCfg = Release|Any CPU
		{C1B403F0-A0F0-44F5-9E81-B28C03E25B00}.Release|x86.Build.0 = Release|Any CPU
		{45E5FE93-9CAB-4876-B474-E52221D7D8F4}.Debug|Any CPU.ActiveCfg = Debug|Any CPU
		{45E5FE93-9CAB-4876-B474-E52221D7D8F4}.Debug|Any CPU.Build.0 = Debug|Any CPU
		{45E5FE93-9CAB-4876-B474-E52221D7D8F4}.Debug|x64.ActiveCfg = Debug|Any CPU
		{45E5FE93-9CAB-4876-B474-E52221D7D8F4}.Debug|x64.Build.0 = Debug|Any CPU
		{45E5FE93-9CAB-4876-B474-E52221D7D8F4}.Debug|x86.ActiveCfg = Debug|Any CPU
		{45E5FE93-9CAB-4876-B474-E52221D7D8F4}.Debug|x86.Build.0 = Debug|Any CPU
		{45E5FE93-9CAB-4876-B474-E52221D7D8F4}.Release|Any CPU.ActiveCfg = Release|Any CPU
		{45E5FE93-9CAB-4876-B474-E52221D7D8F4}.Release|Any CPU.Build.0 = Release|Any CPU
		{45E5FE93-9CAB-4876-B474-E52221D7D8F4}.Release|x64.ActiveCfg = Release|Any CPU
		{45E5FE93-9CAB-4876-B474-E52221D7D8F4}.Release|x64.Build.0 = Release|Any CPU
		{45E5FE93-9CAB-4876-B474-E52221D7D8F4}.Release|x86.ActiveCfg = Release|Any CPU
		{45E5FE93-9CAB-4876-B474-E52221D7D8F4}.Release|x86.Build.0 = Release|Any CPU
		{C3AFE6DA-F506-4D79-BE25-21E2A028B4EC}.Debug|Any CPU.ActiveCfg = Debug|Any CPU
		{C3AFE6DA-F506-4D79-BE25-21E2A028B4EC}.Debug|Any CPU.Build.0 = Debug|Any CPU
		{C3AFE6DA-F506-4D79-BE25-21E2A028B4EC}.Debug|x64.ActiveCfg = Debug|Any CPU
		{C3AFE6DA-F506-4D79-BE25-21E2A028B4EC}.Debug|x64.Build.0 = Debug|Any CPU
		{C3AFE6DA-F506-4D79-BE25-21E2A028B4EC}.Debug|x86.ActiveCfg = Debug|Any CPU
		{C3AFE6DA-F506-4D79-BE25-21E2A028B4EC}.Debug|x86.Build.0 = Debug|Any CPU
		{C3AFE6DA-F506-4D79-BE25-21E2A028B4EC}.Release|Any CPU.ActiveCfg = Release|Any CPU
		{C3AFE6DA-F506-4D79-BE25-21E2A028B4EC}.Release|Any CPU.Build.0 = Release|Any CPU
		{C3AFE6DA-F506-4D79-BE25-21E2A028B4EC}.Release|x64.ActiveCfg = Release|Any CPU
		{C3AFE6DA-F506-4D79-BE25-21E2A028B4EC}.Release|x64.Build.0 = Release|Any CPU
		{C3AFE6DA-F506-4D79-BE25-21E2A028B4EC}.Release|x86.ActiveCfg = Release|Any CPU
		{C3AFE6DA-F506-4D79-BE25-21E2A028B4EC}.Release|x86.Build.0 = Release|Any CPU
		{F8A1EB9A-EA63-4052-86C4-8BDAFFE2F06D}.Debug|Any CPU.ActiveCfg = Debug|Any CPU
		{F8A1EB9A-EA63-4052-86C4-8BDAFFE2F06D}.Debug|Any CPU.Build.0 = Debug|Any CPU
		{F8A1EB9A-EA63-4052-86C4-8BDAFFE2F06D}.Debug|x64.ActiveCfg = Debug|Any CPU
		{F8A1EB9A-EA63-4052-86C4-8BDAFFE2F06D}.Debug|x64.Build.0 = Debug|Any CPU
		{F8A1EB9A-EA63-4052-86C4-8BDAFFE2F06D}.Debug|x86.ActiveCfg = Debug|Any CPU
		{F8A1EB9A-EA63-4052-86C4-8BDAFFE2F06D}.Debug|x86.Build.0 = Debug|Any CPU
		{F8A1EB9A-EA63-4052-86C4-8BDAFFE2F06D}.Release|Any CPU.ActiveCfg = Release|Any CPU
		{F8A1EB9A-EA63-4052-86C4-8BDAFFE2F06D}.Release|Any CPU.Build.0 = Release|Any CPU
		{F8A1EB9A-EA63-4052-86C4-8BDAFFE2F06D}.Release|x64.ActiveCfg = Release|Any CPU
		{F8A1EB9A-EA63-4052-86C4-8BDAFFE2F06D}.Release|x64.Build.0 = Release|Any CPU
		{F8A1EB9A-EA63-4052-86C4-8BDAFFE2F06D}.Release|x86.ActiveCfg = Release|Any CPU
		{F8A1EB9A-EA63-4052-86C4-8BDAFFE2F06D}.Release|x86.Build.0 = Release|Any CPU
		{7B2CBE20-C143-462A-9BE8-8D2437F8E287}.Debug|Any CPU.ActiveCfg = Debug|Any CPU
		{7B2CBE20-C143-462A-9BE8-8D2437F8E287}.Debug|Any CPU.Build.0 = Debug|Any CPU
		{7B2CBE20-C143-462A-9BE8-8D2437F8E287}.Debug|x64.ActiveCfg = Debug|Any CPU
		{7B2CBE20-C143-462A-9BE8-8D2437F8E287}.Debug|x64.Build.0 = Debug|Any CPU
		{7B2CBE20-C143-462A-9BE8-8D2437F8E287}.Debug|x86.ActiveCfg = Debug|Any CPU
		{7B2CBE20-C143-462A-9BE8-8D2437F8E287}.Debug|x86.Build.0 = Debug|Any CPU
		{7B2CBE20-C143-462A-9BE8-8D2437F8E287}.Release|Any CPU.ActiveCfg = Release|Any CPU
		{7B2CBE20-C143-462A-9BE8-8D2437F8E287}.Release|Any CPU.Build.0 = Release|Any CPU
		{7B2CBE20-C143-462A-9BE8-8D2437F8E287}.Release|x64.ActiveCfg = Release|Any CPU
		{7B2CBE20-C143-462A-9BE8-8D2437F8E287}.Release|x64.Build.0 = Release|Any CPU
		{7B2CBE20-C143-462A-9BE8-8D2437F8E287}.Release|x86.ActiveCfg = Release|Any CPU
		{7B2CBE20-C143-462A-9BE8-8D2437F8E287}.Release|x86.Build.0 = Release|Any CPU
		{6CBF9B67-2514-46F6-AD51-E059BB18EC51}.Debug|Any CPU.ActiveCfg = Debug|Any CPU
		{6CBF9B67-2514-46F6-AD51-E059BB18EC51}.Debug|Any CPU.Build.0 = Debug|Any CPU
		{6CBF9B67-2514-46F6-AD51-E059BB18EC51}.Debug|x64.ActiveCfg = Debug|Any CPU
		{6CBF9B67-2514-46F6-AD51-E059BB18EC51}.Debug|x64.Build.0 = Debug|Any CPU
		{6CBF9B67-2514-46F6-AD51-E059BB18EC51}.Debug|x86.ActiveCfg = Debug|Any CPU
		{6CBF9B67-2514-46F6-AD51-E059BB18EC51}.Debug|x86.Build.0 = Debug|Any CPU
		{6CBF9B67-2514-46F6-AD51-E059BB18EC51}.Release|Any CPU.ActiveCfg = Release|Any CPU
		{6CBF9B67-2514-46F6-AD51-E059BB18EC51}.Release|Any CPU.Build.0 = Release|Any CPU
		{6CBF9B67-2514-46F6-AD51-E059BB18EC51}.Release|x64.ActiveCfg = Release|Any CPU
		{6CBF9B67-2514-46F6-AD51-E059BB18EC51}.Release|x64.Build.0 = Release|Any CPU
		{6CBF9B67-2514-46F6-AD51-E059BB18EC51}.Release|x86.ActiveCfg = Release|Any CPU
		{6CBF9B67-2514-46F6-AD51-E059BB18EC51}.Release|x86.Build.0 = Release|Any CPU
		{45148E93-6965-4429-979C-FADD84EBBB2D}.Debug|Any CPU.ActiveCfg = Debug|Any CPU
		{45148E93-6965-4429-979C-FADD84EBBB2D}.Debug|Any CPU.Build.0 = Debug|Any CPU
		{45148E93-6965-4429-979C-FADD84EBBB2D}.Debug|x64.ActiveCfg = Debug|Any CPU
		{45148E93-6965-4429-979C-FADD84EBBB2D}.Debug|x64.Build.0 = Debug|Any CPU
		{45148E93-6965-4429-979C-FADD84EBBB2D}.Debug|x86.ActiveCfg = Debug|Any CPU
		{45148E93-6965-4429-979C-FADD84EBBB2D}.Debug|x86.Build.0 = Debug|Any CPU
		{45148E93-6965-4429-979C-FADD84EBBB2D}.Release|Any CPU.ActiveCfg = Release|Any CPU
		{45148E93-6965-4429-979C-FADD84EBBB2D}.Release|Any CPU.Build.0 = Release|Any CPU
		{45148E93-6965-4429-979C-FADD84EBBB2D}.Release|x64.ActiveCfg = Release|Any CPU
		{45148E93-6965-4429-979C-FADD84EBBB2D}.Release|x64.Build.0 = Release|Any CPU
		{45148E93-6965-4429-979C-FADD84EBBB2D}.Release|x86.ActiveCfg = Release|Any CPU
		{45148E93-6965-4429-979C-FADD84EBBB2D}.Release|x86.Build.0 = Release|Any CPU
		{065E87D5-7630-468D-9782-CA6A91E9C379}.Debug|Any CPU.ActiveCfg = Debug|Any CPU
		{065E87D5-7630-468D-9782-CA6A91E9C379}.Debug|Any CPU.Build.0 = Debug|Any CPU
		{065E87D5-7630-468D-9782-CA6A91E9C379}.Debug|x64.ActiveCfg = Debug|Any CPU
		{065E87D5-7630-468D-9782-CA6A91E9C379}.Debug|x64.Build.0 = Debug|Any CPU
		{065E87D5-7630-468D-9782-CA6A91E9C379}.Debug|x86.ActiveCfg = Debug|Any CPU
		{065E87D5-7630-468D-9782-CA6A91E9C379}.Debug|x86.Build.0 = Debug|Any CPU
		{065E87D5-7630-468D-9782-CA6A91E9C379}.Release|Any CPU.ActiveCfg = Release|Any CPU
		{065E87D5-7630-468D-9782-CA6A91E9C379}.Release|Any CPU.Build.0 = Release|Any CPU
		{065E87D5-7630-468D-9782-CA6A91E9C379}.Release|x64.ActiveCfg = Release|Any CPU
		{065E87D5-7630-468D-9782-CA6A91E9C379}.Release|x64.Build.0 = Release|Any CPU
		{065E87D5-7630-468D-9782-CA6A91E9C379}.Release|x86.ActiveCfg = Release|Any CPU
		{065E87D5-7630-468D-9782-CA6A91E9C379}.Release|x86.Build.0 = Release|Any CPU
		{324F6CBF-4E50-4FAE-8DEC-08F410168230}.Debug|Any CPU.ActiveCfg = Debug|Any CPU
		{324F6CBF-4E50-4FAE-8DEC-08F410168230}.Debug|Any CPU.Build.0 = Debug|Any CPU
		{324F6CBF-4E50-4FAE-8DEC-08F410168230}.Debug|x64.ActiveCfg = Debug|Any CPU
		{324F6CBF-4E50-4FAE-8DEC-08F410168230}.Debug|x64.Build.0 = Debug|Any CPU
		{324F6CBF-4E50-4FAE-8DEC-08F410168230}.Debug|x86.ActiveCfg = Debug|Any CPU
		{324F6CBF-4E50-4FAE-8DEC-08F410168230}.Debug|x86.Build.0 = Debug|Any CPU
		{324F6CBF-4E50-4FAE-8DEC-08F410168230}.Release|Any CPU.ActiveCfg = Release|Any CPU
		{324F6CBF-4E50-4FAE-8DEC-08F410168230}.Release|Any CPU.Build.0 = Release|Any CPU
		{324F6CBF-4E50-4FAE-8DEC-08F410168230}.Release|x64.ActiveCfg = Release|Any CPU
		{324F6CBF-4E50-4FAE-8DEC-08F410168230}.Release|x64.Build.0 = Release|Any CPU
		{324F6CBF-4E50-4FAE-8DEC-08F410168230}.Release|x86.ActiveCfg = Release|Any CPU
		{324F6CBF-4E50-4FAE-8DEC-08F410168230}.Release|x86.Build.0 = Release|Any CPU
		{48A01900-D75A-4A1F-95B4-7FEFA1C1E569}.Debug|Any CPU.ActiveCfg = Debug|Any CPU
		{48A01900-D75A-4A1F-95B4-7FEFA1C1E569}.Debug|Any CPU.Build.0 = Debug|Any CPU
		{48A01900-D75A-4A1F-95B4-7FEFA1C1E569}.Debug|x64.ActiveCfg = Debug|Any CPU
		{48A01900-D75A-4A1F-95B4-7FEFA1C1E569}.Debug|x64.Build.0 = Debug|Any CPU
		{48A01900-D75A-4A1F-95B4-7FEFA1C1E569}.Debug|x86.ActiveCfg = Debug|Any CPU
		{48A01900-D75A-4A1F-95B4-7FEFA1C1E569}.Debug|x86.Build.0 = Debug|Any CPU
		{48A01900-D75A-4A1F-95B4-7FEFA1C1E569}.Release|Any CPU.ActiveCfg = Release|Any CPU
		{48A01900-D75A-4A1F-95B4-7FEFA1C1E569}.Release|Any CPU.Build.0 = Release|Any CPU
		{48A01900-D75A-4A1F-95B4-7FEFA1C1E569}.Release|x64.ActiveCfg = Release|Any CPU
		{48A01900-D75A-4A1F-95B4-7FEFA1C1E569}.Release|x64.Build.0 = Release|Any CPU
		{48A01900-D75A-4A1F-95B4-7FEFA1C1E569}.Release|x86.ActiveCfg = Release|Any CPU
		{48A01900-D75A-4A1F-95B4-7FEFA1C1E569}.Release|x86.Build.0 = Release|Any CPU
		{21CA1F10-66A6-4FC6-8CEC-E8C8737A7111}.Debug|Any CPU.ActiveCfg = Debug|Any CPU
		{21CA1F10-66A6-4FC6-8CEC-E8C8737A7111}.Debug|Any CPU.Build.0 = Debug|Any CPU
		{21CA1F10-66A6-4FC6-8CEC-E8C8737A7111}.Debug|x64.ActiveCfg = Debug|Any CPU
		{21CA1F10-66A6-4FC6-8CEC-E8C8737A7111}.Debug|x64.Build.0 = Debug|Any CPU
		{21CA1F10-66A6-4FC6-8CEC-E8C8737A7111}.Debug|x86.ActiveCfg = Debug|Any CPU
		{21CA1F10-66A6-4FC6-8CEC-E8C8737A7111}.Debug|x86.Build.0 = Debug|Any CPU
		{21CA1F10-66A6-4FC6-8CEC-E8C8737A7111}.Release|Any CPU.ActiveCfg = Release|Any CPU
		{21CA1F10-66A6-4FC6-8CEC-E8C8737A7111}.Release|Any CPU.Build.0 = Release|Any CPU
		{21CA1F10-66A6-4FC6-8CEC-E8C8737A7111}.Release|x64.ActiveCfg = Release|Any CPU
		{21CA1F10-66A6-4FC6-8CEC-E8C8737A7111}.Release|x64.Build.0 = Release|Any CPU
		{21CA1F10-66A6-4FC6-8CEC-E8C8737A7111}.Release|x86.ActiveCfg = Release|Any CPU
		{21CA1F10-66A6-4FC6-8CEC-E8C8737A7111}.Release|x86.Build.0 = Release|Any CPU
		{26D0F906-098C-443B-B05F-C6386EA1EC09}.Debug|Any CPU.ActiveCfg = Debug|Any CPU
		{26D0F906-098C-443B-B05F-C6386EA1EC09}.Debug|Any CPU.Build.0 = Debug|Any CPU
		{26D0F906-098C-443B-B05F-C6386EA1EC09}.Debug|x64.ActiveCfg = Debug|Any CPU
		{26D0F906-098C-443B-B05F-C6386EA1EC09}.Debug|x64.Build.0 = Debug|Any CPU
		{26D0F906-098C-443B-B05F-C6386EA1EC09}.Debug|x86.ActiveCfg = Debug|Any CPU
		{26D0F906-098C-443B-B05F-C6386EA1EC09}.Debug|x86.Build.0 = Debug|Any CPU
		{26D0F906-098C-443B-B05F-C6386EA1EC09}.Release|Any CPU.ActiveCfg = Release|Any CPU
		{26D0F906-098C-443B-B05F-C6386EA1EC09}.Release|Any CPU.Build.0 = Release|Any CPU
		{26D0F906-098C-443B-B05F-C6386EA1EC09}.Release|x64.ActiveCfg = Release|Any CPU
		{26D0F906-098C-443B-B05F-C6386EA1EC09}.Release|x64.Build.0 = Release|Any CPU
		{26D0F906-098C-443B-B05F-C6386EA1EC09}.Release|x86.ActiveCfg = Release|Any CPU
		{26D0F906-098C-443B-B05F-C6386EA1EC09}.Release|x86.Build.0 = Release|Any CPU
		{911B6FBD-09F6-4D7A-96AA-6A2335074E44}.Debug|Any CPU.ActiveCfg = Debug|Any CPU
		{911B6FBD-09F6-4D7A-96AA-6A2335074E44}.Debug|Any CPU.Build.0 = Debug|Any CPU
		{911B6FBD-09F6-4D7A-96AA-6A2335074E44}.Debug|x64.ActiveCfg = Debug|Any CPU
		{911B6FBD-09F6-4D7A-96AA-6A2335074E44}.Debug|x64.Build.0 = Debug|Any CPU
		{911B6FBD-09F6-4D7A-96AA-6A2335074E44}.Debug|x86.ActiveCfg = Debug|Any CPU
		{911B6FBD-09F6-4D7A-96AA-6A2335074E44}.Debug|x86.Build.0 = Debug|Any CPU
		{911B6FBD-09F6-4D7A-96AA-6A2335074E44}.Release|Any CPU.ActiveCfg = Release|Any CPU
		{911B6FBD-09F6-4D7A-96AA-6A2335074E44}.Release|Any CPU.Build.0 = Release|Any CPU
		{911B6FBD-09F6-4D7A-96AA-6A2335074E44}.Release|x64.ActiveCfg = Release|Any CPU
		{911B6FBD-09F6-4D7A-96AA-6A2335074E44}.Release|x64.Build.0 = Release|Any CPU
		{911B6FBD-09F6-4D7A-96AA-6A2335074E44}.Release|x86.ActiveCfg = Release|Any CPU
		{911B6FBD-09F6-4D7A-96AA-6A2335074E44}.Release|x86.Build.0 = Release|Any CPU
		{200D7863-D35D-4A13-A9F5-9799A22F19D9}.Debug|Any CPU.ActiveCfg = Debug|Any CPU
		{200D7863-D35D-4A13-A9F5-9799A22F19D9}.Debug|Any CPU.Build.0 = Debug|Any CPU
		{200D7863-D35D-4A13-A9F5-9799A22F19D9}.Debug|x64.ActiveCfg = Debug|Any CPU
		{200D7863-D35D-4A13-A9F5-9799A22F19D9}.Debug|x64.Build.0 = Debug|Any CPU
		{200D7863-D35D-4A13-A9F5-9799A22F19D9}.Debug|x86.ActiveCfg = Debug|Any CPU
		{200D7863-D35D-4A13-A9F5-9799A22F19D9}.Debug|x86.Build.0 = Debug|Any CPU
		{200D7863-D35D-4A13-A9F5-9799A22F19D9}.Release|Any CPU.ActiveCfg = Release|Any CPU
		{200D7863-D35D-4A13-A9F5-9799A22F19D9}.Release|Any CPU.Build.0 = Release|Any CPU
		{200D7863-D35D-4A13-A9F5-9799A22F19D9}.Release|x64.ActiveCfg = Release|Any CPU
		{200D7863-D35D-4A13-A9F5-9799A22F19D9}.Release|x64.Build.0 = Release|Any CPU
		{200D7863-D35D-4A13-A9F5-9799A22F19D9}.Release|x86.ActiveCfg = Release|Any CPU
		{200D7863-D35D-4A13-A9F5-9799A22F19D9}.Release|x86.Build.0 = Release|Any CPU
		{9F087A86-9FD1-4296-8634-FB4B61C88EB3}.Debug|Any CPU.ActiveCfg = Debug|Any CPU
		{9F087A86-9FD1-4296-8634-FB4B61C88EB3}.Debug|Any CPU.Build.0 = Debug|Any CPU
		{9F087A86-9FD1-4296-8634-FB4B61C88EB3}.Debug|x64.ActiveCfg = Debug|Any CPU
		{9F087A86-9FD1-4296-8634-FB4B61C88EB3}.Debug|x64.Build.0 = Debug|Any CPU
		{9F087A86-9FD1-4296-8634-FB4B61C88EB3}.Debug|x86.ActiveCfg = Debug|Any CPU
		{9F087A86-9FD1-4296-8634-FB4B61C88EB3}.Debug|x86.Build.0 = Debug|Any CPU
		{9F087A86-9FD1-4296-8634-FB4B61C88EB3}.Release|Any CPU.ActiveCfg = Release|Any CPU
		{9F087A86-9FD1-4296-8634-FB4B61C88EB3}.Release|Any CPU.Build.0 = Release|Any CPU
		{9F087A86-9FD1-4296-8634-FB4B61C88EB3}.Release|x64.ActiveCfg = Release|Any CPU
		{9F087A86-9FD1-4296-8634-FB4B61C88EB3}.Release|x64.Build.0 = Release|Any CPU
		{9F087A86-9FD1-4296-8634-FB4B61C88EB3}.Release|x86.ActiveCfg = Release|Any CPU
		{9F087A86-9FD1-4296-8634-FB4B61C88EB3}.Release|x86.Build.0 = Release|Any CPU
		{548616B1-D2CD-4ED4-B25B-01F338203726}.Debug|Any CPU.ActiveCfg = Debug|Any CPU
		{548616B1-D2CD-4ED4-B25B-01F338203726}.Debug|Any CPU.Build.0 = Debug|Any CPU
		{548616B1-D2CD-4ED4-B25B-01F338203726}.Debug|x64.ActiveCfg = Debug|Any CPU
		{548616B1-D2CD-4ED4-B25B-01F338203726}.Debug|x64.Build.0 = Debug|Any CPU
		{548616B1-D2CD-4ED4-B25B-01F338203726}.Debug|x86.ActiveCfg = Debug|Any CPU
		{548616B1-D2CD-4ED4-B25B-01F338203726}.Debug|x86.Build.0 = Debug|Any CPU
		{548616B1-D2CD-4ED4-B25B-01F338203726}.Release|Any CPU.ActiveCfg = Release|Any CPU
		{548616B1-D2CD-4ED4-B25B-01F338203726}.Release|Any CPU.Build.0 = Release|Any CPU
		{548616B1-D2CD-4ED4-B25B-01F338203726}.Release|x64.ActiveCfg = Release|Any CPU
		{548616B1-D2CD-4ED4-B25B-01F338203726}.Release|x64.Build.0 = Release|Any CPU
		{548616B1-D2CD-4ED4-B25B-01F338203726}.Release|x86.ActiveCfg = Release|Any CPU
		{548616B1-D2CD-4ED4-B25B-01F338203726}.Release|x86.Build.0 = Release|Any CPU
		{CBEE770F-7DD7-40A9-8C9B-9C458BCC35AA}.Debug|Any CPU.ActiveCfg = Debug|Any CPU
		{CBEE770F-7DD7-40A9-8C9B-9C458BCC35AA}.Debug|Any CPU.Build.0 = Debug|Any CPU
		{CBEE770F-7DD7-40A9-8C9B-9C458BCC35AA}.Debug|x64.ActiveCfg = Debug|Any CPU
		{CBEE770F-7DD7-40A9-8C9B-9C458BCC35AA}.Debug|x64.Build.0 = Debug|Any CPU
		{CBEE770F-7DD7-40A9-8C9B-9C458BCC35AA}.Debug|x86.ActiveCfg = Debug|Any CPU
		{CBEE770F-7DD7-40A9-8C9B-9C458BCC35AA}.Debug|x86.Build.0 = Debug|Any CPU
		{CBEE770F-7DD7-40A9-8C9B-9C458BCC35AA}.Release|Any CPU.ActiveCfg = Release|Any CPU
		{CBEE770F-7DD7-40A9-8C9B-9C458BCC35AA}.Release|Any CPU.Build.0 = Release|Any CPU
		{CBEE770F-7DD7-40A9-8C9B-9C458BCC35AA}.Release|x64.ActiveCfg = Release|Any CPU
		{CBEE770F-7DD7-40A9-8C9B-9C458BCC35AA}.Release|x64.Build.0 = Release|Any CPU
		{CBEE770F-7DD7-40A9-8C9B-9C458BCC35AA}.Release|x86.ActiveCfg = Release|Any CPU
		{CBEE770F-7DD7-40A9-8C9B-9C458BCC35AA}.Release|x86.Build.0 = Release|Any CPU
		{A3F757CD-F576-43F2-B166-5ED2005AC714}.Debug|Any CPU.ActiveCfg = Debug|Any CPU
		{A3F757CD-F576-43F2-B166-5ED2005AC714}.Debug|Any CPU.Build.0 = Debug|Any CPU
		{A3F757CD-F576-43F2-B166-5ED2005AC714}.Debug|x64.ActiveCfg = Debug|Any CPU
		{A3F757CD-F576-43F2-B166-5ED2005AC714}.Debug|x64.Build.0 = Debug|Any CPU
		{A3F757CD-F576-43F2-B166-5ED2005AC714}.Debug|x86.ActiveCfg = Debug|Any CPU
		{A3F757CD-F576-43F2-B166-5ED2005AC714}.Debug|x86.Build.0 = Debug|Any CPU
		{A3F757CD-F576-43F2-B166-5ED2005AC714}.Release|Any CPU.ActiveCfg = Release|Any CPU
		{A3F757CD-F576-43F2-B166-5ED2005AC714}.Release|Any CPU.Build.0 = Release|Any CPU
		{A3F757CD-F576-43F2-B166-5ED2005AC714}.Release|x64.ActiveCfg = Release|Any CPU
		{A3F757CD-F576-43F2-B166-5ED2005AC714}.Release|x64.Build.0 = Release|Any CPU
		{A3F757CD-F576-43F2-B166-5ED2005AC714}.Release|x86.ActiveCfg = Release|Any CPU
		{A3F757CD-F576-43F2-B166-5ED2005AC714}.Release|x86.Build.0 = Release|Any CPU
		{22D7128B-693C-4B86-921A-8A6BF3E19278}.Debug|Any CPU.ActiveCfg = Debug|Any CPU
		{22D7128B-693C-4B86-921A-8A6BF3E19278}.Debug|Any CPU.Build.0 = Debug|Any CPU
		{22D7128B-693C-4B86-921A-8A6BF3E19278}.Debug|x64.ActiveCfg = Debug|Any CPU
		{22D7128B-693C-4B86-921A-8A6BF3E19278}.Debug|x64.Build.0 = Debug|Any CPU
		{22D7128B-693C-4B86-921A-8A6BF3E19278}.Debug|x86.ActiveCfg = Debug|Any CPU
		{22D7128B-693C-4B86-921A-8A6BF3E19278}.Debug|x86.Build.0 = Debug|Any CPU
		{22D7128B-693C-4B86-921A-8A6BF3E19278}.Release|Any CPU.ActiveCfg = Release|Any CPU
		{22D7128B-693C-4B86-921A-8A6BF3E19278}.Release|Any CPU.Build.0 = Release|Any CPU
		{22D7128B-693C-4B86-921A-8A6BF3E19278}.Release|x64.ActiveCfg = Release|Any CPU
		{22D7128B-693C-4B86-921A-8A6BF3E19278}.Release|x64.Build.0 = Release|Any CPU
		{22D7128B-693C-4B86-921A-8A6BF3E19278}.Release|x86.ActiveCfg = Release|Any CPU
		{22D7128B-693C-4B86-921A-8A6BF3E19278}.Release|x86.Build.0 = Release|Any CPU
		{9AE8B72B-4CAD-4C5B-8B31-A6883C4A1C8D}.Debug|Any CPU.ActiveCfg = Debug|Any CPU
		{9AE8B72B-4CAD-4C5B-8B31-A6883C4A1C8D}.Debug|Any CPU.Build.0 = Debug|Any CPU
		{9AE8B72B-4CAD-4C5B-8B31-A6883C4A1C8D}.Debug|x64.ActiveCfg = Debug|Any CPU
		{9AE8B72B-4CAD-4C5B-8B31-A6883C4A1C8D}.Debug|x64.Build.0 = Debug|Any CPU
		{9AE8B72B-4CAD-4C5B-8B31-A6883C4A1C8D}.Debug|x86.ActiveCfg = Debug|Any CPU
		{9AE8B72B-4CAD-4C5B-8B31-A6883C4A1C8D}.Debug|x86.Build.0 = Debug|Any CPU
		{9AE8B72B-4CAD-4C5B-8B31-A6883C4A1C8D}.Release|Any CPU.ActiveCfg = Release|Any CPU
		{9AE8B72B-4CAD-4C5B-8B31-A6883C4A1C8D}.Release|Any CPU.Build.0 = Release|Any CPU
		{9AE8B72B-4CAD-4C5B-8B31-A6883C4A1C8D}.Release|x64.ActiveCfg = Release|Any CPU
		{9AE8B72B-4CAD-4C5B-8B31-A6883C4A1C8D}.Release|x64.Build.0 = Release|Any CPU
		{9AE8B72B-4CAD-4C5B-8B31-A6883C4A1C8D}.Release|x86.ActiveCfg = Release|Any CPU
		{9AE8B72B-4CAD-4C5B-8B31-A6883C4A1C8D}.Release|x86.Build.0 = Release|Any CPU
		{E1AD2068-89F9-4A52-B51B-288E5414350E}.Debug|Any CPU.ActiveCfg = Debug|Any CPU
		{E1AD2068-89F9-4A52-B51B-288E5414350E}.Debug|Any CPU.Build.0 = Debug|Any CPU
		{E1AD2068-89F9-4A52-B51B-288E5414350E}.Debug|x64.ActiveCfg = Debug|Any CPU
		{E1AD2068-89F9-4A52-B51B-288E5414350E}.Debug|x64.Build.0 = Debug|Any CPU
		{E1AD2068-89F9-4A52-B51B-288E5414350E}.Debug|x86.ActiveCfg = Debug|Any CPU
		{E1AD2068-89F9-4A52-B51B-288E5414350E}.Debug|x86.Build.0 = Debug|Any CPU
		{E1AD2068-89F9-4A52-B51B-288E5414350E}.Release|Any CPU.ActiveCfg = Release|Any CPU
		{E1AD2068-89F9-4A52-B51B-288E5414350E}.Release|Any CPU.Build.0 = Release|Any CPU
		{E1AD2068-89F9-4A52-B51B-288E5414350E}.Release|x64.ActiveCfg = Release|Any CPU
		{E1AD2068-89F9-4A52-B51B-288E5414350E}.Release|x64.Build.0 = Release|Any CPU
		{E1AD2068-89F9-4A52-B51B-288E5414350E}.Release|x86.ActiveCfg = Release|Any CPU
		{E1AD2068-89F9-4A52-B51B-288E5414350E}.Release|x86.Build.0 = Release|Any CPU
		{EAA3E93D-C5A1-4D92-A76C-C12C5409F79E}.Debug|Any CPU.ActiveCfg = Debug|Any CPU
		{EAA3E93D-C5A1-4D92-A76C-C12C5409F79E}.Debug|Any CPU.Build.0 = Debug|Any CPU
		{EAA3E93D-C5A1-4D92-A76C-C12C5409F79E}.Debug|x64.ActiveCfg = Debug|Any CPU
		{EAA3E93D-C5A1-4D92-A76C-C12C5409F79E}.Debug|x64.Build.0 = Debug|Any CPU
		{EAA3E93D-C5A1-4D92-A76C-C12C5409F79E}.Debug|x86.ActiveCfg = Debug|Any CPU
		{EAA3E93D-C5A1-4D92-A76C-C12C5409F79E}.Debug|x86.Build.0 = Debug|Any CPU
		{EAA3E93D-C5A1-4D92-A76C-C12C5409F79E}.Release|Any CPU.ActiveCfg = Release|Any CPU
		{EAA3E93D-C5A1-4D92-A76C-C12C5409F79E}.Release|Any CPU.Build.0 = Release|Any CPU
		{EAA3E93D-C5A1-4D92-A76C-C12C5409F79E}.Release|x64.ActiveCfg = Release|Any CPU
		{EAA3E93D-C5A1-4D92-A76C-C12C5409F79E}.Release|x64.Build.0 = Release|Any CPU
		{EAA3E93D-C5A1-4D92-A76C-C12C5409F79E}.Release|x86.ActiveCfg = Release|Any CPU
		{EAA3E93D-C5A1-4D92-A76C-C12C5409F79E}.Release|x86.Build.0 = Release|Any CPU
		{DB7C056A-3CFF-4DB5-B6B6-EC64F34E5F50}.Debug|Any CPU.ActiveCfg = Debug|Any CPU
		{DB7C056A-3CFF-4DB5-B6B6-EC64F34E5F50}.Debug|Any CPU.Build.0 = Debug|Any CPU
		{DB7C056A-3CFF-4DB5-B6B6-EC64F34E5F50}.Debug|x64.ActiveCfg = Debug|Any CPU
		{DB7C056A-3CFF-4DB5-B6B6-EC64F34E5F50}.Debug|x64.Build.0 = Debug|Any CPU
		{DB7C056A-3CFF-4DB5-B6B6-EC64F34E5F50}.Debug|x86.ActiveCfg = Debug|Any CPU
		{DB7C056A-3CFF-4DB5-B6B6-EC64F34E5F50}.Debug|x86.Build.0 = Debug|Any CPU
		{DB7C056A-3CFF-4DB5-B6B6-EC64F34E5F50}.Release|Any CPU.ActiveCfg = Release|Any CPU
		{DB7C056A-3CFF-4DB5-B6B6-EC64F34E5F50}.Release|Any CPU.Build.0 = Release|Any CPU
		{DB7C056A-3CFF-4DB5-B6B6-EC64F34E5F50}.Release|x64.ActiveCfg = Release|Any CPU
		{DB7C056A-3CFF-4DB5-B6B6-EC64F34E5F50}.Release|x64.Build.0 = Release|Any CPU
		{DB7C056A-3CFF-4DB5-B6B6-EC64F34E5F50}.Release|x86.ActiveCfg = Release|Any CPU
		{DB7C056A-3CFF-4DB5-B6B6-EC64F34E5F50}.Release|x86.Build.0 = Release|Any CPU
		{DBBF5820-0FE3-46F6-AA92-BB7BA0030E2F}.Debug|Any CPU.ActiveCfg = Debug|Any CPU
		{DBBF5820-0FE3-46F6-AA92-BB7BA0030E2F}.Debug|Any CPU.Build.0 = Debug|Any CPU
		{DBBF5820-0FE3-46F6-AA92-BB7BA0030E2F}.Debug|x64.ActiveCfg = Debug|Any CPU
		{DBBF5820-0FE3-46F6-AA92-BB7BA0030E2F}.Debug|x64.Build.0 = Debug|Any CPU
		{DBBF5820-0FE3-46F6-AA92-BB7BA0030E2F}.Debug|x86.ActiveCfg = Debug|Any CPU
		{DBBF5820-0FE3-46F6-AA92-BB7BA0030E2F}.Debug|x86.Build.0 = Debug|Any CPU
		{DBBF5820-0FE3-46F6-AA92-BB7BA0030E2F}.Release|Any CPU.ActiveCfg = Release|Any CPU
		{DBBF5820-0FE3-46F6-AA92-BB7BA0030E2F}.Release|Any CPU.Build.0 = Release|Any CPU
		{DBBF5820-0FE3-46F6-AA92-BB7BA0030E2F}.Release|x64.ActiveCfg = Release|Any CPU
		{DBBF5820-0FE3-46F6-AA92-BB7BA0030E2F}.Release|x64.Build.0 = Release|Any CPU
		{DBBF5820-0FE3-46F6-AA92-BB7BA0030E2F}.Release|x86.ActiveCfg = Release|Any CPU
		{DBBF5820-0FE3-46F6-AA92-BB7BA0030E2F}.Release|x86.Build.0 = Release|Any CPU
		{5469B3E6-CB8A-4121-B300-91FAF4B68C29}.Debug|Any CPU.ActiveCfg = Debug|Any CPU
		{5469B3E6-CB8A-4121-B300-91FAF4B68C29}.Debug|Any CPU.Build.0 = Debug|Any CPU
		{5469B3E6-CB8A-4121-B300-91FAF4B68C29}.Debug|x64.ActiveCfg = Debug|Any CPU
		{5469B3E6-CB8A-4121-B300-91FAF4B68C29}.Debug|x64.Build.0 = Debug|Any CPU
		{5469B3E6-CB8A-4121-B300-91FAF4B68C29}.Debug|x86.ActiveCfg = Debug|Any CPU
		{5469B3E6-CB8A-4121-B300-91FAF4B68C29}.Debug|x86.Build.0 = Debug|Any CPU
		{5469B3E6-CB8A-4121-B300-91FAF4B68C29}.Release|Any CPU.ActiveCfg = Release|Any CPU
		{5469B3E6-CB8A-4121-B300-91FAF4B68C29}.Release|Any CPU.Build.0 = Release|Any CPU
		{5469B3E6-CB8A-4121-B300-91FAF4B68C29}.Release|x64.ActiveCfg = Release|Any CPU
		{5469B3E6-CB8A-4121-B300-91FAF4B68C29}.Release|x64.Build.0 = Release|Any CPU
		{5469B3E6-CB8A-4121-B300-91FAF4B68C29}.Release|x86.ActiveCfg = Release|Any CPU
		{5469B3E6-CB8A-4121-B300-91FAF4B68C29}.Release|x86.Build.0 = Release|Any CPU
		{0E4A8DFA-0F5B-4A89-A7BF-118F4924CFFF}.Debug|Any CPU.ActiveCfg = Debug|Any CPU
		{0E4A8DFA-0F5B-4A89-A7BF-118F4924CFFF}.Debug|Any CPU.Build.0 = Debug|Any CPU
		{0E4A8DFA-0F5B-4A89-A7BF-118F4924CFFF}.Debug|x64.ActiveCfg = Debug|Any CPU
		{0E4A8DFA-0F5B-4A89-A7BF-118F4924CFFF}.Debug|x64.Build.0 = Debug|Any CPU
		{0E4A8DFA-0F5B-4A89-A7BF-118F4924CFFF}.Debug|x86.ActiveCfg = Debug|Any CPU
		{0E4A8DFA-0F5B-4A89-A7BF-118F4924CFFF}.Debug|x86.Build.0 = Debug|Any CPU
		{0E4A8DFA-0F5B-4A89-A7BF-118F4924CFFF}.Release|Any CPU.ActiveCfg = Release|Any CPU
		{0E4A8DFA-0F5B-4A89-A7BF-118F4924CFFF}.Release|Any CPU.Build.0 = Release|Any CPU
		{0E4A8DFA-0F5B-4A89-A7BF-118F4924CFFF}.Release|x64.ActiveCfg = Release|Any CPU
		{0E4A8DFA-0F5B-4A89-A7BF-118F4924CFFF}.Release|x64.Build.0 = Release|Any CPU
		{0E4A8DFA-0F5B-4A89-A7BF-118F4924CFFF}.Release|x86.ActiveCfg = Release|Any CPU
		{0E4A8DFA-0F5B-4A89-A7BF-118F4924CFFF}.Release|x86.Build.0 = Release|Any CPU
		{C2235119-1455-4EB3-BA5C-B1CDE4CDAAD3}.Debug|Any CPU.ActiveCfg = Debug|Any CPU
		{C2235119-1455-4EB3-BA5C-B1CDE4CDAAD3}.Debug|Any CPU.Build.0 = Debug|Any CPU
		{C2235119-1455-4EB3-BA5C-B1CDE4CDAAD3}.Debug|x64.ActiveCfg = Debug|Any CPU
		{C2235119-1455-4EB3-BA5C-B1CDE4CDAAD3}.Debug|x64.Build.0 = Debug|Any CPU
		{C2235119-1455-4EB3-BA5C-B1CDE4CDAAD3}.Debug|x86.ActiveCfg = Debug|Any CPU
		{C2235119-1455-4EB3-BA5C-B1CDE4CDAAD3}.Debug|x86.Build.0 = Debug|Any CPU
		{C2235119-1455-4EB3-BA5C-B1CDE4CDAAD3}.Release|Any CPU.ActiveCfg = Release|Any CPU
		{C2235119-1455-4EB3-BA5C-B1CDE4CDAAD3}.Release|Any CPU.Build.0 = Release|Any CPU
		{C2235119-1455-4EB3-BA5C-B1CDE4CDAAD3}.Release|x64.ActiveCfg = Release|Any CPU
		{C2235119-1455-4EB3-BA5C-B1CDE4CDAAD3}.Release|x64.Build.0 = Release|Any CPU
		{C2235119-1455-4EB3-BA5C-B1CDE4CDAAD3}.Release|x86.ActiveCfg = Release|Any CPU
		{C2235119-1455-4EB3-BA5C-B1CDE4CDAAD3}.Release|x86.Build.0 = Release|Any CPU
		{76D825BA-84C5-4961-8393-2B52EBC0C4D5}.Debug|Any CPU.ActiveCfg = Debug|Any CPU
		{76D825BA-84C5-4961-8393-2B52EBC0C4D5}.Debug|Any CPU.Build.0 = Debug|Any CPU
		{76D825BA-84C5-4961-8393-2B52EBC0C4D5}.Debug|x64.ActiveCfg = Debug|Any CPU
		{76D825BA-84C5-4961-8393-2B52EBC0C4D5}.Debug|x64.Build.0 = Debug|Any CPU
		{76D825BA-84C5-4961-8393-2B52EBC0C4D5}.Debug|x86.ActiveCfg = Debug|Any CPU
		{76D825BA-84C5-4961-8393-2B52EBC0C4D5}.Debug|x86.Build.0 = Debug|Any CPU
		{76D825BA-84C5-4961-8393-2B52EBC0C4D5}.Release|Any CPU.ActiveCfg = Release|Any CPU
		{76D825BA-84C5-4961-8393-2B52EBC0C4D5}.Release|Any CPU.Build.0 = Release|Any CPU
		{76D825BA-84C5-4961-8393-2B52EBC0C4D5}.Release|x64.ActiveCfg = Release|Any CPU
		{76D825BA-84C5-4961-8393-2B52EBC0C4D5}.Release|x64.Build.0 = Release|Any CPU
		{76D825BA-84C5-4961-8393-2B52EBC0C4D5}.Release|x86.ActiveCfg = Release|Any CPU
		{76D825BA-84C5-4961-8393-2B52EBC0C4D5}.Release|x86.Build.0 = Release|Any CPU
		{6686B86D-627A-4B71-9DCF-FE40A59656BB}.Debug|Any CPU.ActiveCfg = Debug|Any CPU
		{6686B86D-627A-4B71-9DCF-FE40A59656BB}.Debug|Any CPU.Build.0 = Debug|Any CPU
		{6686B86D-627A-4B71-9DCF-FE40A59656BB}.Debug|x64.ActiveCfg = Debug|Any CPU
		{6686B86D-627A-4B71-9DCF-FE40A59656BB}.Debug|x64.Build.0 = Debug|Any CPU
		{6686B86D-627A-4B71-9DCF-FE40A59656BB}.Debug|x86.ActiveCfg = Debug|Any CPU
		{6686B86D-627A-4B71-9DCF-FE40A59656BB}.Debug|x86.Build.0 = Debug|Any CPU
		{6686B86D-627A-4B71-9DCF-FE40A59656BB}.Release|Any CPU.ActiveCfg = Release|Any CPU
		{6686B86D-627A-4B71-9DCF-FE40A59656BB}.Release|Any CPU.Build.0 = Release|Any CPU
		{6686B86D-627A-4B71-9DCF-FE40A59656BB}.Release|x64.ActiveCfg = Release|Any CPU
		{6686B86D-627A-4B71-9DCF-FE40A59656BB}.Release|x64.Build.0 = Release|Any CPU
		{6686B86D-627A-4B71-9DCF-FE40A59656BB}.Release|x86.ActiveCfg = Release|Any CPU
		{6686B86D-627A-4B71-9DCF-FE40A59656BB}.Release|x86.Build.0 = Release|Any CPU
		{D2967090-168B-4B93-9C16-1E56B725F4D1}.Debug|Any CPU.ActiveCfg = Debug|Any CPU
		{D2967090-168B-4B93-9C16-1E56B725F4D1}.Debug|Any CPU.Build.0 = Debug|Any CPU
		{D2967090-168B-4B93-9C16-1E56B725F4D1}.Debug|x64.ActiveCfg = Debug|Any CPU
		{D2967090-168B-4B93-9C16-1E56B725F4D1}.Debug|x64.Build.0 = Debug|Any CPU
		{D2967090-168B-4B93-9C16-1E56B725F4D1}.Debug|x86.ActiveCfg = Debug|Any CPU
		{D2967090-168B-4B93-9C16-1E56B725F4D1}.Debug|x86.Build.0 = Debug|Any CPU
		{D2967090-168B-4B93-9C16-1E56B725F4D1}.Release|Any CPU.ActiveCfg = Release|Any CPU
		{D2967090-168B-4B93-9C16-1E56B725F4D1}.Release|Any CPU.Build.0 = Release|Any CPU
		{D2967090-168B-4B93-9C16-1E56B725F4D1}.Release|x64.ActiveCfg = Release|Any CPU
		{D2967090-168B-4B93-9C16-1E56B725F4D1}.Release|x64.Build.0 = Release|Any CPU
		{D2967090-168B-4B93-9C16-1E56B725F4D1}.Release|x86.ActiveCfg = Release|Any CPU
		{D2967090-168B-4B93-9C16-1E56B725F4D1}.Release|x86.Build.0 = Release|Any CPU
		{F573F627-050E-472E-89CA-DFFBA17644B3}.Debug|Any CPU.ActiveCfg = Debug|Any CPU
		{F573F627-050E-472E-89CA-DFFBA17644B3}.Debug|Any CPU.Build.0 = Debug|Any CPU
		{F573F627-050E-472E-89CA-DFFBA17644B3}.Debug|x64.ActiveCfg = Debug|Any CPU
		{F573F627-050E-472E-89CA-DFFBA17644B3}.Debug|x64.Build.0 = Debug|Any CPU
		{F573F627-050E-472E-89CA-DFFBA17644B3}.Debug|x86.ActiveCfg = Debug|Any CPU
		{F573F627-050E-472E-89CA-DFFBA17644B3}.Debug|x86.Build.0 = Debug|Any CPU
		{F573F627-050E-472E-89CA-DFFBA17644B3}.Release|Any CPU.ActiveCfg = Release|Any CPU
		{F573F627-050E-472E-89CA-DFFBA17644B3}.Release|Any CPU.Build.0 = Release|Any CPU
		{F573F627-050E-472E-89CA-DFFBA17644B3}.Release|x64.ActiveCfg = Release|Any CPU
		{F573F627-050E-472E-89CA-DFFBA17644B3}.Release|x64.Build.0 = Release|Any CPU
		{F573F627-050E-472E-89CA-DFFBA17644B3}.Release|x86.ActiveCfg = Release|Any CPU
		{F573F627-050E-472E-89CA-DFFBA17644B3}.Release|x86.Build.0 = Release|Any CPU
		{263C7A99-60CB-417A-97DC-3A0AD12FA485}.Debug|Any CPU.ActiveCfg = Debug|Any CPU
		{263C7A99-60CB-417A-97DC-3A0AD12FA485}.Debug|Any CPU.Build.0 = Debug|Any CPU
		{263C7A99-60CB-417A-97DC-3A0AD12FA485}.Debug|x64.ActiveCfg = Debug|Any CPU
		{263C7A99-60CB-417A-97DC-3A0AD12FA485}.Debug|x64.Build.0 = Debug|Any CPU
		{263C7A99-60CB-417A-97DC-3A0AD12FA485}.Debug|x86.ActiveCfg = Debug|Any CPU
		{263C7A99-60CB-417A-97DC-3A0AD12FA485}.Debug|x86.Build.0 = Debug|Any CPU
		{263C7A99-60CB-417A-97DC-3A0AD12FA485}.Release|Any CPU.ActiveCfg = Release|Any CPU
		{263C7A99-60CB-417A-97DC-3A0AD12FA485}.Release|Any CPU.Build.0 = Release|Any CPU
		{263C7A99-60CB-417A-97DC-3A0AD12FA485}.Release|x64.ActiveCfg = Release|Any CPU
		{263C7A99-60CB-417A-97DC-3A0AD12FA485}.Release|x64.Build.0 = Release|Any CPU
		{263C7A99-60CB-417A-97DC-3A0AD12FA485}.Release|x86.ActiveCfg = Release|Any CPU
		{263C7A99-60CB-417A-97DC-3A0AD12FA485}.Release|x86.Build.0 = Release|Any CPU
		{2D4F15A8-BC73-432D-83D7-B043145838B6}.Debug|Any CPU.ActiveCfg = Debug|Any CPU
		{2D4F15A8-BC73-432D-83D7-B043145838B6}.Debug|Any CPU.Build.0 = Debug|Any CPU
		{2D4F15A8-BC73-432D-83D7-B043145838B6}.Debug|x64.ActiveCfg = Debug|Any CPU
		{2D4F15A8-BC73-432D-83D7-B043145838B6}.Debug|x64.Build.0 = Debug|Any CPU
		{2D4F15A8-BC73-432D-83D7-B043145838B6}.Debug|x86.ActiveCfg = Debug|Any CPU
		{2D4F15A8-BC73-432D-83D7-B043145838B6}.Debug|x86.Build.0 = Debug|Any CPU
		{2D4F15A8-BC73-432D-83D7-B043145838B6}.Release|Any CPU.ActiveCfg = Release|Any CPU
		{2D4F15A8-BC73-432D-83D7-B043145838B6}.Release|Any CPU.Build.0 = Release|Any CPU
		{2D4F15A8-BC73-432D-83D7-B043145838B6}.Release|x64.ActiveCfg = Release|Any CPU
		{2D4F15A8-BC73-432D-83D7-B043145838B6}.Release|x64.Build.0 = Release|Any CPU
		{2D4F15A8-BC73-432D-83D7-B043145838B6}.Release|x86.ActiveCfg = Release|Any CPU
		{2D4F15A8-BC73-432D-83D7-B043145838B6}.Release|x86.Build.0 = Release|Any CPU
		{80EC54B6-86F9-4F15-8FCC-29179123F1EE}.Debug|Any CPU.ActiveCfg = Debug|Any CPU
		{80EC54B6-86F9-4F15-8FCC-29179123F1EE}.Debug|Any CPU.Build.0 = Debug|Any CPU
		{80EC54B6-86F9-4F15-8FCC-29179123F1EE}.Debug|x64.ActiveCfg = Debug|Any CPU
		{80EC54B6-86F9-4F15-8FCC-29179123F1EE}.Debug|x64.Build.0 = Debug|Any CPU
		{80EC54B6-86F9-4F15-8FCC-29179123F1EE}.Debug|x86.ActiveCfg = Debug|Any CPU
		{80EC54B6-86F9-4F15-8FCC-29179123F1EE}.Debug|x86.Build.0 = Debug|Any CPU
		{80EC54B6-86F9-4F15-8FCC-29179123F1EE}.Release|Any CPU.ActiveCfg = Release|Any CPU
		{80EC54B6-86F9-4F15-8FCC-29179123F1EE}.Release|Any CPU.Build.0 = Release|Any CPU
		{80EC54B6-86F9-4F15-8FCC-29179123F1EE}.Release|x64.ActiveCfg = Release|Any CPU
		{80EC54B6-86F9-4F15-8FCC-29179123F1EE}.Release|x64.Build.0 = Release|Any CPU
		{80EC54B6-86F9-4F15-8FCC-29179123F1EE}.Release|x86.ActiveCfg = Release|Any CPU
		{80EC54B6-86F9-4F15-8FCC-29179123F1EE}.Release|x86.Build.0 = Release|Any CPU
		{41DCE5A5-7083-4BBF-9DDA-7BB73A89621A}.Debug|Any CPU.ActiveCfg = Debug|Any CPU
		{41DCE5A5-7083-4BBF-9DDA-7BB73A89621A}.Debug|Any CPU.Build.0 = Debug|Any CPU
		{41DCE5A5-7083-4BBF-9DDA-7BB73A89621A}.Debug|x64.ActiveCfg = Debug|Any CPU
		{41DCE5A5-7083-4BBF-9DDA-7BB73A89621A}.Debug|x64.Build.0 = Debug|Any CPU
		{41DCE5A5-7083-4BBF-9DDA-7BB73A89621A}.Debug|x86.ActiveCfg = Debug|Any CPU
		{41DCE5A5-7083-4BBF-9DDA-7BB73A89621A}.Debug|x86.Build.0 = Debug|Any CPU
		{41DCE5A5-7083-4BBF-9DDA-7BB73A89621A}.Release|Any CPU.ActiveCfg = Release|Any CPU
		{41DCE5A5-7083-4BBF-9DDA-7BB73A89621A}.Release|Any CPU.Build.0 = Release|Any CPU
		{41DCE5A5-7083-4BBF-9DDA-7BB73A89621A}.Release|x64.ActiveCfg = Release|Any CPU
		{41DCE5A5-7083-4BBF-9DDA-7BB73A89621A}.Release|x64.Build.0 = Release|Any CPU
		{41DCE5A5-7083-4BBF-9DDA-7BB73A89621A}.Release|x86.ActiveCfg = Release|Any CPU
		{41DCE5A5-7083-4BBF-9DDA-7BB73A89621A}.Release|x86.Build.0 = Release|Any CPU
	EndGlobalSection
	GlobalSection(SolutionProperties) = preSolution
		HideSolutionNode = FALSE
	EndGlobalSection
	GlobalSection(NestedProjects) = preSolution
		{195AAEE8-9270-44CB-A59C-7932E3D5EF16} = {A937B4F6-B384-4240-BB02-3924A0A55B7E}
		{EE46BD5A-4B85-4789-84F4-2ED7569B2C77} = {195AAEE8-9270-44CB-A59C-7932E3D5EF16}
		{FAB41083-56F1-409F-BAC0-C34975364BDC} = {EE46BD5A-4B85-4789-84F4-2ED7569B2C77}
		{718AF0D8-2CBD-41BD-BE8B-39A34ECA717F} = {A937B4F6-B384-4240-BB02-3924A0A55B7E}
		{47E595AF-5CF8-45EE-9ED8-112BDBA80D40} = {718AF0D8-2CBD-41BD-BE8B-39A34ECA717F}
		{A1C4384D-E818-472C-9A9D-305F0A63CE08} = {718AF0D8-2CBD-41BD-BE8B-39A34ECA717F}
		{6F4DEE18-FE7D-42DB-8583-A4F028659911} = {718AF0D8-2CBD-41BD-BE8B-39A34ECA717F}
		{D12D87C2-B758-4B13-A354-1979DB7F3B2E} = {718AF0D8-2CBD-41BD-BE8B-39A34ECA717F}
		{876D8E48-7581-4AFE-B6FD-6CB8A0DDDBEE} = {718AF0D8-2CBD-41BD-BE8B-39A34ECA717F}
		{5E801B08-D6C8-4C4D-9D4B-EB3A6D8698D9} = {718AF0D8-2CBD-41BD-BE8B-39A34ECA717F}
		{8D49D206-CE9D-44C8-B0C5-89C2A493DEE5} = {718AF0D8-2CBD-41BD-BE8B-39A34ECA717F}
		{03B8AA6E-BE7B-49F9-BE02-9F5D1616D628} = {718AF0D8-2CBD-41BD-BE8B-39A34ECA717F}
		{BA953369-4781-4C76-8316-15F6CAB2B5B8} = {718AF0D8-2CBD-41BD-BE8B-39A34ECA717F}
		{451631F5-CBD0-4E7F-9361-A64DDC8B295E} = {718AF0D8-2CBD-41BD-BE8B-39A34ECA717F}
		{4174E505-92DE-4BB3-8FEA-0C82A3A77D38} = {718AF0D8-2CBD-41BD-BE8B-39A34ECA717F}
		{BD400FCC-85B5-47C0-91B4-942E91511A00} = {718AF0D8-2CBD-41BD-BE8B-39A34ECA717F}
		{91C4186A-88E4-4A8B-AC49-2A29F0C7B9B0} = {718AF0D8-2CBD-41BD-BE8B-39A34ECA717F}
		{C1B403F0-A0F0-44F5-9E81-B28C03E25B00} = {718AF0D8-2CBD-41BD-BE8B-39A34ECA717F}
		{45E5FE93-9CAB-4876-B474-E52221D7D8F4} = {EE46BD5A-4B85-4789-84F4-2ED7569B2C77}
		{C3AFE6DA-F506-4D79-BE25-21E2A028B4EC} = {EE46BD5A-4B85-4789-84F4-2ED7569B2C77}
		{F8A1EB9A-EA63-4052-86C4-8BDAFFE2F06D} = {EE46BD5A-4B85-4789-84F4-2ED7569B2C77}
		{7B2CBE20-C143-462A-9BE8-8D2437F8E287} = {718AF0D8-2CBD-41BD-BE8B-39A34ECA717F}
		{6CBF9B67-2514-46F6-AD51-E059BB18EC51} = {718AF0D8-2CBD-41BD-BE8B-39A34ECA717F}
		{C9E42412-8DDA-43E9-A478-02E9BA22EC09} = {195AAEE8-9270-44CB-A59C-7932E3D5EF16}
		{45148E93-6965-4429-979C-FADD84EBBB2D} = {C9E42412-8DDA-43E9-A478-02E9BA22EC09}
		{065E87D5-7630-468D-9782-CA6A91E9C379} = {C9E42412-8DDA-43E9-A478-02E9BA22EC09}
		{324F6CBF-4E50-4FAE-8DEC-08F410168230} = {C9E42412-8DDA-43E9-A478-02E9BA22EC09}
		{48A01900-D75A-4A1F-95B4-7FEFA1C1E569} = {C9E42412-8DDA-43E9-A478-02E9BA22EC09}
		{D2D65733-4EFF-4EC8-BE6B-5B23D7A24DA0} = {195AAEE8-9270-44CB-A59C-7932E3D5EF16}
		{21CA1F10-66A6-4FC6-8CEC-E8C8737A7111} = {D2D65733-4EFF-4EC8-BE6B-5B23D7A24DA0}
		{26D0F906-098C-443B-B05F-C6386EA1EC09} = {D2D65733-4EFF-4EC8-BE6B-5B23D7A24DA0}
		{911B6FBD-09F6-4D7A-96AA-6A2335074E44} = {D2D65733-4EFF-4EC8-BE6B-5B23D7A24DA0}
		{200D7863-D35D-4A13-A9F5-9799A22F19D9} = {D2D65733-4EFF-4EC8-BE6B-5B23D7A24DA0}
		{7F653227-0AEB-45DF-A67B-8F222FA5323B} = {195AAEE8-9270-44CB-A59C-7932E3D5EF16}
		{9F087A86-9FD1-4296-8634-FB4B61C88EB3} = {7F653227-0AEB-45DF-A67B-8F222FA5323B}
		{548616B1-D2CD-4ED4-B25B-01F338203726} = {7F653227-0AEB-45DF-A67B-8F222FA5323B}
		{CBEE770F-7DD7-40A9-8C9B-9C458BCC35AA} = {7F653227-0AEB-45DF-A67B-8F222FA5323B}
		{A3F757CD-F576-43F2-B166-5ED2005AC714} = {7F653227-0AEB-45DF-A67B-8F222FA5323B}
		{DC6558E2-048E-458A-9AD4-197B80D427CE} = {195AAEE8-9270-44CB-A59C-7932E3D5EF16}
		{22D7128B-693C-4B86-921A-8A6BF3E19278} = {DC6558E2-048E-458A-9AD4-197B80D427CE}
		{9AE8B72B-4CAD-4C5B-8B31-A6883C4A1C8D} = {DC6558E2-048E-458A-9AD4-197B80D427CE}
		{E1AD2068-89F9-4A52-B51B-288E5414350E} = {DC6558E2-048E-458A-9AD4-197B80D427CE}
		{DB7C056A-3CFF-4DB5-B6B6-EC64F34E5F50} = {718AF0D8-2CBD-41BD-BE8B-39A34ECA717F}
		{4EEBC936-E5CE-46A5-A515-C3A7407F297B} = {A937B4F6-B384-4240-BB02-3924A0A55B7E}
		{DBBF5820-0FE3-46F6-AA92-BB7BA0030E2F} = {4EEBC936-E5CE-46A5-A515-C3A7407F297B}
		{B11C1B55-830E-4492-8712-5D19F0E5E497} = {A937B4F6-B384-4240-BB02-3924A0A55B7E}
		{5469B3E6-CB8A-4121-B300-91FAF4B68C29} = {B11C1B55-830E-4492-8712-5D19F0E5E497}
		{11FDCDEE-6840-4BBF-B3DB-1480353AE1CE} = {195AAEE8-9270-44CB-A59C-7932E3D5EF16}
		{4C8DBB14-391D-40C6-9231-CB2110B063F2} = {A937B4F6-B384-4240-BB02-3924A0A55B7E}
		{0E4A8DFA-0F5B-4A89-A7BF-118F4924CFFF} = {4C8DBB14-391D-40C6-9231-CB2110B063F2}
		{C2235119-1455-4EB3-BA5C-B1CDE4CDAAD3} = {11FDCDEE-6840-4BBF-B3DB-1480353AE1CE}
		{5F50DE05-4D69-419A-A845-BF27B1BB17F3} = {195AAEE8-9270-44CB-A59C-7932E3D5EF16}
		{76D825BA-84C5-4961-8393-2B52EBC0C4D5} = {5F50DE05-4D69-419A-A845-BF27B1BB17F3}
		{6686B86D-627A-4B71-9DCF-FE40A59656BB} = {5F50DE05-4D69-419A-A845-BF27B1BB17F3}
		{D2967090-168B-4B93-9C16-1E56B725F4D1} = {5F50DE05-4D69-419A-A845-BF27B1BB17F3}
		{F573F627-050E-472E-89CA-DFFBA17644B3} = {5F50DE05-4D69-419A-A845-BF27B1BB17F3}
		{8D13ADC2-9467-48B1-967F-A5D0A1CF6E7B} = {195AAEE8-9270-44CB-A59C-7932E3D5EF16}
		{263C7A99-60CB-417A-97DC-3A0AD12FA485} = {8D13ADC2-9467-48B1-967F-A5D0A1CF6E7B}
		{2D4F15A8-BC73-432D-83D7-B043145838B6} = {8D13ADC2-9467-48B1-967F-A5D0A1CF6E7B}
		{80EC54B6-86F9-4F15-8FCC-29179123F1EE} = {8D13ADC2-9467-48B1-967F-A5D0A1CF6E7B}
		{41DCE5A5-7083-4BBF-9DDA-7BB73A89621A} = {8D13ADC2-9467-48B1-967F-A5D0A1CF6E7B}
	EndGlobalSection
	GlobalSection(ExtensibilityGlobals) = postSolution
		SolutionGuid = {5F8E0F16-8053-401F-AC76-4568D8A282A5}
	EndGlobalSection
EndGlobal
